lockfileVersion: '9.0'

settings:
  autoInstallPeers: false
  excludeLinksFromLockfile: false

importers:

  .:
    dependencies:
      '@hono/node-server':
        specifier: ^2.0.5
        version: 2.0.5(hono@4.12.25)
      '@jderstd/hono':
        specifier: ~0.8.2
        version: 0.8.2(hono@4.12.25)
      '@jderstd/hono-openapi':
        specifier: ~0.2.0
        version: 0.2.0(@hono/standard-validator@0.2.1(@standard-schema/spec@1.1.0)(hono@4.12.25))(@jderstd/hono@0.8.2(hono@4.12.25))(hono@4.12.25)(zod@4.4.3)
      '@scalar/hono-api-reference':
        specifier: ~0.11.3
        version: 0.11.3(hono@4.12.25)
      '@srvkit/vite':
        specifier: ~0.2.0
        version: 0.2.0(@types/node@25.9.3)(rolldown@1.0.3)(vite@8.0.16(@types/node@25.9.3))
      envow:
        specifier: ~0.1.0
        version: 0.1.0(@standard-schema/spec@1.1.0)(zod@4.4.3)
      hono:
        specifier: ^4.12.25
        version: 4.12.25
      ts-vista:
        specifier: ~0.2.3
        version: 0.2.3
      zod:
        specifier: ^4.4.3
        version: 4.4.3
    devDependencies:
      '@apst/biome':
        specifier: ~0.3.2
        version: 0.3.2(@biomejs/biome@2.5.0)
      '@apst/tsconfig':
        specifier: ~0.3.0
        version: 0.3.0(typescript@6.0.3)
      '@biomejs/biome':
        specifier: ^2.5.0
        version: 2.5.0
      '@types/node':
        specifier: ^25.9.3
        version: 25.9.3
      typescript:
        specifier: ^6.0.3
        version: 6.0.3
      vite:
        specifier: ^8.0.16
        version: 8.0.16(@types/node@25.9.3)
      vite-plugin-mkcert:
        specifier: ^2.1.0
        version: 2.1.0(vite@8.0.16(@types/node@25.9.3))
      vite-tsconfig-paths:
        specifier: ^6.1.1
        version: 6.1.1(typescript@6.0.3)(vite@8.0.16(@types/node@25.9.3))

packages:

  '@apst/biome@0.3.2':
    resolution: {integrity: sha512-wNH6CySr77KvKVPZo2Ru6VnbGHrdx0T43m53veb2ybOW36W+dTYS6mqpSawjv7/OEXVpXxl2hmoqfBXT3DpUhw==}
    peerDependencies:
      '@biomejs/biome': ^2.0.0
    peerDependenciesMeta:
      '@biomejs/biome':
        optional: true

  '@apst/tsconfig@0.3.0':
    resolution: {integrity: sha512-1fvjlQLOexuVqZaQj7K+n/3GxEAk5WcbuSuUsaxpfxhEuWpTIGop04nGX7XENScZhkxm4+vFIFy1LsYLNpOUjQ==}
    peerDependencies:
      typescript: ^5.0.0 || ^6.0.0
    peerDependenciesMeta:
      typescript:
        optional: true

  '@biomejs/biome@2.5.0':
    resolution: {integrity: sha512-4kURkd9hAPrdDM3C9n82ycYgx8hvQcW6MjKTEejruj8rK0N8P3OPpdy8BvI8kt3KWY4ycF5XtDOrktetEfhfuw==}
    engines: {node: '>=14.21.3'}
    hasBin: true

  '@biomejs/cli-darwin-arm64@2.5.0':
    resolution: {integrity: sha512-Mn3Fwi3SA5fgmfCPqmzpWF2DLZnms3BVAhM088nTnGrTZmHS3wwIjcoZPqpXeNgd3DrrLH6xp8vTLIBuJoZiXw==}
    engines: {node: '>=14.21.3'}
    cpu: [arm64]
    os: [darwin]

  '@biomejs/cli-darwin-x64@2.5.0':
    resolution: {integrity: sha512-rg3VPL5P8mYro6pqlXYXuJWph21slVp3SZtAqWSrkZs40d2gTzYmHF8E/X1iTID25btmNKltNDJ926sqVBp7DQ==}
    engines: {node: '>=14.21.3'}
    cpu: [x64]
    os: [darwin]

  '@biomejs/cli-linux-arm64-musl@2.5.0':
    resolution: {integrity: sha512-vQdM4oSGaf7ZNeGO9w5+Y8SBtyser9M6znxYbm7Ec8wInxJu1WiKxFYZW5Auj2d80bcVvefuGGRxoFOE0eee8g==}
    engines: {node: '>=14.21.3'}
    cpu: [arm64]
    os: [linux]
    libc: [musl]

  '@biomejs/cli-linux-arm64@2.5.0':
    resolution: {integrity: sha512-tl+LW8fdD96/xdeWtWwc82LIOc5CoY7N2AsogLTp5R4ECErYt+8Jl/N68ezN9vzSiqPTxw6vjcihoLPYKZHrlw==}
    engines: {node: '>=14.21.3'}
    cpu: [arm64]
    os: [linux]
    libc: [glibc]

  '@biomejs/cli-linux-x64-musl@2.5.0':
    resolution: {integrity: sha512-+9hIcMngJ+yGUahXqZuZ8CoWKJE9SAZsFsM3QDvXpNsLbXZ9lqVzgBhOk/jTSYkOA0GLP9eu3teukqpLUojHMg==}
    engines: {node: '>=14.21.3'}
    cpu: [x64]
    os: [linux]
    libc: [musl]

  '@biomejs/cli-linux-x64@2.5.0':
    resolution: {integrity: sha512-zpEGf4RQbFEh8Vt7OmavLyyOzRbtcE9osCqrS1kfvt8jDvxwhKXLSf7n0ebr/ov0RJ9ssP+lhs6C8a9WwFvrQA==}
    engines: {node: '>=14.21.3'}
    cpu: [x64]
    os: [linux]
    libc: [glibc]

  '@biomejs/cli-win32-arm64@2.5.0':
    resolution: {integrity: sha512-jB0wAvTLI4itx5VidqVUejPQFhRUxiZ9l9FvZ26D5fl6t3qme+ZB4PD3bTSeL1vZ8NI2Rx/zj6H9zcESuGHKGw==}
    engines: {node: '>=14.21.3'}
    cpu: [arm64]
    os: [win32]

  '@biomejs/cli-win32-x64@2.5.0':
    resolution: {integrity: sha512-VT/lF+GId+67j8aDfLkxdxNoVApsPSTbyAtB3jJq0IWTrY77WXfbPfpngxq0bA6JCEv/7k8C9qWjDRKRznDlyw==}
    engines: {node: '>=14.21.3'}
    cpu: [x64]
    os: [win32]

  '@emnapi/core@1.10.0':
    resolution: {integrity: sha512-yq6OkJ4p82CAfPl0u9mQebQHKPJkY7WrIuk205cTYnYe+k2Z8YBh11FrbRG/H6ihirqcacOgl2BIO8oyMQLeXw==}

  '@emnapi/runtime@1.10.0':
    resolution: {integrity: sha512-ewvYlk86xUoGI0zQRNq/mC+16R1QeDlKQy21Ki3oSYXNgLb45GV1P6A0M+/s6nyCuNDqe5VpaY84BzXGwVbwFA==}

  '@emnapi/wasi-threads@1.2.1':
    resolution: {integrity: sha512-uTII7OYF+/Mes/MrcIOYp5yOtSMLBWSIoLPpcgwipoiKbli6k322tcoFsxoIIxPDqW01SQGAgko4EzZi2BNv2w==}

  '@hono/node-server@2.0.5':
    resolution: {integrity: sha512-yQFvDmyDo3y6rEOJZDUYPJ49DIKTPpIk4kGvm40xx4Ejne0Pu9a1+exxPN+C1UppWK/WGZX9F++/Xs231tE86g==}
    engines: {node: '>=20'}
    peerDependencies:
      hono: ^4

  '@hono/standard-validator@0.2.1':
    resolution: {integrity: sha512-uF1W7/iSWi0r5Mugj5ZzdlCVp/KeGatS6JYt+Eht9xKO0IDtdZbdaLApgjrzHINQQa+Wnxw2pcX6EfO+vgB+Wg==}
    peerDependencies:
      '@standard-schema/spec': 1.0.0
      hono: '>=3.9.0'

  '@jderstd/core@0.5.0':
    resolution: {integrity: sha512-NyVYmkZk+t2S9G0qdgRVO8t6/tCZD6B7NYbld4GQtJmW6P7HPUBTJwSAFb25vEwhfXWlzpGowvdSWe/cPyrCJg==}

  '@jderstd/hono-openapi@0.2.0':
    resolution: {integrity: sha512-oieZ1xkBD5pGn6gAz2/2WfbaLhY/VJauiVA52Bog7uQ2jKfUJMfeYkKDVdtiVxfCQdGR6gRhU9n5CVSFMIRD5A==}
    peerDependencies:
      '@jderstd/hono': ~0.8.0
      '@valibot/to-json-schema': ^1.0.0
      hono: ^4.5.0
      zod-openapi: ^4.0.0
    peerDependenciesMeta:
      '@valibot/to-json-schema':
        optional: true
      zod-openapi:
        optional: true

  '@jderstd/hono-standard-validator@0.3.0':
    resolution: {integrity: sha512-CXNJJAFECq/GladFceQj2vfoimF0va0Xr8hZhbY9IS1MIMszHTDKil9CbPfIqQN9TLy+CWPyNO1ObskQeLEsmw==}
    peerDependencies:
      '@jderstd/hono': ~0.8.0
      hono: ^4.5.0

  '@jderstd/hono@0.8.2':
    resolution: {integrity: sha512-+MvpoTKYAn1hUON+5VECwPgKBpNe6ucWFxhO9DAeUUf+qmQ7e59O9vN8Iuo9YlyWu6RBERbpUvQFuBZYSGEyag==}
    peerDependencies:
      hono: ^4.5.0

  '@napi-rs/wasm-runtime@1.1.5':
    resolution: {integrity: sha512-AWPoBRJ9tsnVhor4sjO7rkni+7p+2IAEFj6cx06UgP10jkQHqay/36uRV/bFkgrh18D9vb4cr8Q0Pthskgzy+Q==}
    peerDependencies:
      '@emnapi/core': ^1.7.1
      '@emnapi/runtime': ^1.7.1

  '@oxc-project/types@0.133.0':
    resolution: {integrity: sha512-KzkdCd6Uxqnf6l3HOw1xfatAlUURA0g14cvBYFyJ5SaNOQbOUvBr9PKArcPcrNIeRsBdgcUzOGrhKveVpvOIGA==}

  '@rolldown/binding-android-arm64@1.0.3':
    resolution: {integrity: sha512-454rs7jHngixp/NMxd5srYD57OnzSlZ/eFTETjORQHLwJG1lRtmNOJcBerZlfu4GjKqeq8aCCIQrMdHyhI51Hw==}
    engines: {node: ^20.19.0 || >=22.12.0}
    cpu: [arm64]
    os: [android]

  '@rolldown/binding-darwin-arm64@1.0.3':
    resolution: {integrity: sha512-PcAhP+ynjURNyy8SKGl5DQP94aGuB/7JrXJb/t7P+hanXvQVMWzUvRRhBAcg/lNRadBhoUPqSoP4xw5tR/KBEA==}
    engines: {node: ^20.19.0 || >=22.12.0}
    cpu: [arm64]
    os: [darwin]

  '@rolldown/binding-darwin-x64@1.0.3':
    resolution: {integrity: sha512-9YpfeUvSE2RS7wysJ81uOZkXJz7f7Q55H2Gvp3VEw/EsahqDtrphrZ0EwDLK5vvKOzaCrBsjF8JmnMLcUt78Gg==}
    engines: {node: ^20.19.0 || >=22.12.0}
    cpu: [x64]
    os: [darwin]

  '@rolldown/binding-freebsd-x64@1.0.3':
    resolution: {integrity: sha512-yB1IlAsSNHncV6SCTL27/MVGR5htvQsoGxIv5KMGXALp+Ll1wYsn+x98M9MW7qa+NdSbvrrY7ANI4wLJ0n1e6g==}
    engines: {node: ^20.19.0 || >=22.12.0}
    cpu: [x64]
    os: [freebsd]

  '@rolldown/binding-linux-arm-gnueabihf@1.0.3':
    resolution: {integrity: sha512-Yi30IVAAfLUCy2MseFjbB1jAMDl1VMCAas5StnYp8da9+CKvMd2H2cbEjWcw5NPaPqzvYkVIaF1nNUG+b7u/sw==}
    engines: {node: ^20.19.0 || >=22.12.0}
    cpu: [arm]
    os: [linux]

  '@rolldown/binding-linux-arm64-gnu@1.0.3':
    resolution: {integrity: sha512-jsO7R8To+AdlYgUmN5sHSCZbfhtMBkO0WUx8iORQnPcMMdgr7qM2DQmMwgabs3GhNztdmoKkMKQFHD6DTMCIQw==}
    engines: {node: ^20.19.0 || >=22.12.0}
    cpu: [arm64]
    os: [linux]
    libc: [glibc]

  '@rolldown/binding-linux-arm64-musl@1.0.3':
    resolution: {integrity: sha512-VWkUHwWriDciit80wleYwKILoR/KMvxh/IdwS/paX+ZgpuRpCrKLUdadJbc0NpBEiyhpYawsJ73j9aCvOH+f7Q==}
    engines: {node: ^20.19.0 || >=22.12.0}
    cpu: [arm64]
    os: [linux]
    libc: [musl]

  '@rolldown/binding-linux-ppc64-gnu@1.0.3':
    resolution: {integrity: sha512-5f1laC0SlIR0yDbFCd8acUhvJIag6N3zC5P7oUPN6wX0aOma+uKJ0wBDH5aq7I1PVI2ttTlhJwzwRIBnLiSGEg==}
    engines: {node: ^20.19.0 || >=22.12.0}
    cpu: [ppc64]
    os: [linux]
    libc: [glibc]

  '@rolldown/binding-linux-s390x-gnu@1.0.3':
    resolution: {integrity: sha512-Iq4ko0r4XsgbrF/LunNgHtAGLRRVE2kXonAXQ/MV0mC6jQpMOhW1SvtZja2EhC/kd05++bP78dsqBeIQyYJ6Yg==}
    engines: {node: ^20.19.0 || >=22.12.0}
    cpu: [s390x]
    os: [linux]
    libc: [glibc]

  '@rolldown/binding-linux-x64-gnu@1.0.3':
    resolution: {integrity: sha512-B8m6tD5+/N5FeNQFbKlLA/2yVq9ycQP1SeedyEYYKWBNR3ZQbkvIUcNnDNM03lO1l5F2roiiFJGgvoLLyZXtSg==}
    engines: {node: ^20.19.0 || >=22.12.0}
    cpu: [x64]
    os: [linux]
    libc: [glibc]

  '@rolldown/binding-linux-x64-musl@1.0.3':
    resolution: {integrity: sha512-pSdpdUJHkuCxun9LE7jvgUB9qsRgaiyNNCX7m/AvHTcq67AiT/Yhoxvw5zPfhrM8k/BfP8ce/hMOpthKDpEUow==}
    engines: {node: ^20.19.0 || >=22.12.0}
    cpu: [x64]
    os: [linux]
    libc: [musl]

  '@rolldown/binding-openharmony-arm64@1.0.3':
    resolution: {integrity: sha512-OXXS3RKJgX2uLwM+gYyuH5omcH8fL1LJs96pZGgtetVCahON57+d4SJHzTgZiOjxgGkSnpXpOsWuPDGAKAigEg==}
    engines: {node: ^20.19.0 || >=22.12.0}
    cpu: [arm64]
    os: [openharmony]

  '@rolldown/binding-wasm32-wasi@1.0.3':
    resolution: {integrity: sha512-JTtb8BWFynicNSoPrehsCzBtOKjZ6jhMiPFEmOiuXg1Fl8dn2KHQob+GuPSGR0dryQa1PQJbzjF3dqO/whhjLg==}
    engines: {node: ^20.19.0 || >=22.12.0}
    cpu: [wasm32]

  '@rolldown/binding-win32-arm64-msvc@1.0.3':
    resolution: {integrity: sha512-gEdFFEN70A/jxb2svrWsN3aDL7OUtmvlOy+6fa2jxG8K0wQ1ZbdeLGnidov6Yu5/733dI5ySfzFlQ/cb0bSz1g==}
    engines: {node: ^20.19.0 || >=22.12.0}
    cpu: [arm64]
    os: [win32]

  '@rolldown/binding-win32-x64-msvc@1.0.3':
    resolution: {integrity: sha512-eXB7CHuaQdqmJcc3koCNtNPmT/bj2gc999kUFgBxG8Ac0NdgXc4rkCHhqrgrhN3zddvvvrgzj1e90SuSfmyIXA==}
    engines: {node: ^20.19.0 || >=22.12.0}
    cpu: [x64]
    os: [win32]

  '@rolldown/pluginutils@1.0.1':
    resolution: {integrity: sha512-2j9bGt5Jh8hj+vPtgzPtl72j0yRxHAyumoo6TNfAjsLB04UtpSvPbPcDcBMxz7n+9CYB0c1GxQFxYRg2jimqGw==}

  '@scalar/client-side-rendering@0.2.3':
    resolution: {integrity: sha512-AazrKedEZ/JR/ze9UGrWCqpRp9T88QlgBZWVOYC8QAMISz5CGUDZKqpayz2iwGzzZAtKF0VW/Y0sbL7ERTvn6w==}
    engines: {node: '>=22'}

  '@scalar/helpers@0.8.2':
    resolution: {integrity: sha512-qNbqUjSB3S4Gr4A0oANcm5G1Ip+EqBxICYKhe9YzmnaBpbmW6shxqpiivApTvvuDf+uIhR3uMwWyVQbYcGLsxA==}
    engines: {node: '>=22'}

  '@scalar/hono-api-reference@0.11.3':
    resolution: {integrity: sha512-dgBIOKeQnlXzL2G27sPbvlA7RHfp+BuEiNEZBRihdIaohhWDYaE4uw2OkPzeaMWHov+QYxsdgWc3IMIEVdnusw==}
    engines: {node: '>=22'}
    peerDependencies:
      hono: ^4.12.5

  '@scalar/schemas@0.4.3':
    resolution: {integrity: sha512-YZ/FcxM5ctZ65m07q5DOOUhuQA5SjZvnoyP6jCCfoiaQ/aVXTDF1vZ1+RMYhKqDwfV/QCW36k0H/38aG/8lNyA==}
    engines: {node: '>=22'}

  '@scalar/types@0.13.3':
    resolution: {integrity: sha512-+rtVPVC7UPDGaqvBZY8FjXI5cW2xJtJDVsOGuoevRUBkJb3feSiBkGIZxYy0JkJCl9wVUi/PqGEcut6Nb3RnJw==}
    engines: {node: '>=22'}

  '@scalar/validation@0.6.0':
    resolution: {integrity: sha512-tpmmG+/xRE2Kn9RpflU3AIyZv08v10+E1ZrJCx7z6+/91zHVxy0M73kC1LT4/8PbYNt85ywyC8+n+D99JdMcGA==}
    engines: {node: '>=20'}

  '@srvkit/common@0.2.0':
    resolution: {integrity: sha512-iei+OSHdqxVL0ZcbYh1Ds8cM7UCCagx0Jym/HB5n6oKS51GIFQEJ8240XeWw/G2rnvaiR98mz8FzB8PAl4rOZg==}

  '@srvkit/vite@0.2.0':
    resolution: {integrity: sha512-cG+Gj9vdB3dRiAeCYuH/Wen3nHbFWtI48uEFdFg13+mXGnBGnEPlBY5mP0fDSiNZ2EN43NNnkZdJ99qrG/io7g==}
    peerDependencies:
      rolldown: ^1.0.0
      vite: ^8.0.12
    peerDependenciesMeta:
      rolldown:
        optional: true
      vite:
        optional: true

  '@standard-community/standard-json@0.3.5':
    resolution: {integrity: sha512-4+ZPorwDRt47i+O7RjyuaxHRK/37QY/LmgxlGrRrSTLYoFatEOzvqIc85GTlM18SFZ5E91C+v0o/M37wZPpUHA==}
    peerDependencies:
      '@standard-schema/spec': ^1.0.0
      '@types/json-schema': ^7.0.15
      '@valibot/to-json-schema': ^1.3.0
      arktype: ^2.1.20
      effect: ^3.16.8
      quansync: ^0.2.11
      sury: ^10.0.0
      typebox: ^1.0.17
      valibot: ^1.1.0
      zod: ^3.25.0 || ^4.0.0
      zod-to-json-schema: ^3.24.5
    peerDependenciesMeta:
      '@valibot/to-json-schema':
        optional: true
      arktype:
        optional: true
      effect:
        optional: true
      sury:
        optional: true
      typebox:
        optional: true
      valibot:
        optional: true
      zod:
        optional: true
      zod-to-json-schema:
        optional: true

  '@standard-community/standard-openapi@0.2.9':
    resolution: {integrity: sha512-htj+yldvN1XncyZi4rehbf9kLbu8os2Ke/rfqoZHCMHuw34kiF3LP/yQPdA0tQ940y8nDq3Iou8R3wG+AGGyvg==}
    peerDependencies:
      '@standard-community/standard-json': ^0.3.5
      '@standard-schema/spec': ^1.0.0
      arktype: ^2.1.20
      effect: ^3.17.14
      openapi-types: ^12.1.3
      sury: ^10.0.0
      typebox: ^1.0.0
      valibot: ^1.1.0
      zod: ^3.25.0 || ^4.0.0
      zod-openapi: ^4
    peerDependenciesMeta:
      arktype:
        optional: true
      effect:
        optional: true
      sury:
        optional: true
      typebox:
        optional: true
      valibot:
        optional: true
      zod:
        optional: true
      zod-openapi:
        optional: true

  '@standard-schema/spec@1.1.0':
    resolution: {integrity: sha512-l2aFy5jALhniG5HgqrD6jXLi/rUWrKvqN/qJx6yoJsgKhblVd+iqqU4RCXavm/jPityDo5TCvKMnpjKnOriy0w==}

  '@tybys/wasm-util@0.10.2':
    resolution: {integrity: sha512-RoBvJ2X0wuKlWFIjrwffGw1IqZHKQqzIchKaadZZfnNpsAYp2mM0h36JtPCjNDAHGgYez/15uMBpfGwchhiMgg==}

  '@types/json-schema@7.0.15':
    resolution: {integrity: sha512-5+fP8P8MFNC+AyZCDxrB2pkZFPGzqQWUzpSeuuVLvm8VMcorNYavBqoFcxK8bQz4Qsbn4oUEEem4wDLfcysGHA==}

  '@types/node@25.9.3':
    resolution: {integrity: sha512-603BddQMv3pUcr4U2dhujk83N2tTDVr/34wII2B6bJy6g+8WD6yUb11jszNs0gdi4PesVWl7ABt8nYMVpnLUcg==}

  consola@3.4.2:
    resolution: {integrity: sha512-5IKcdX0nnYavi6G7TtOhwkYzyjfJlatbjMjuLSfE2kYT5pMDOilZ4OvMhi637CcDICTmz3wARPoyhqyX1Y+XvA==}
    engines: {node: ^14.18.0 || >=16.10.0}

  debug@4.4.3:
    resolution: {integrity: sha512-RGwwWnwQvkVfavKVt22FGLw+xYSdzARwm0ru6DhTVA3umU5hZc28V3kO4stgYryrTlLpuvgI9GiijltAjNbcqA==}
    engines: {node: '>=6.0'}
    peerDependencies:
      supports-color: '*'
    peerDependenciesMeta:
      supports-color:
        optional: true

  detect-libc@2.1.2:
    resolution: {integrity: sha512-Btj2BOOO83o3WyH59e8MgXsxEQVcarkUOpEYrubB0urwnN10yQ364rsiByU11nZlqWYZm05i/of7io4mzihBtQ==}
    engines: {node: '>=8'}

  envkist@0.2.0:
    resolution: {integrity: sha512-egTq/7wNA7O0W/AvEpLyB0CvLHC3ZQK5ePDTFvpd+uehhG2RubeVxUOrbZK50/d096wjzYMxF9iXF4vC//4QUg==}

  envow@0.1.0:
    resolution: {integrity: sha512-0aKf2kG5343oSvimTyf+5kqDi+jOciJA7De3u0VR1aUjz8aaGRcDPgTzDFRpxNo5TwFcGm7nXl8zqIoBXkA0Kw==}
    peerDependencies:
      '@standard-schema/spec': ^1.1.0
      arktype: ^2.2.0
      valibot: ^1.4.0
      zod: ^4.4.0
    peerDependenciesMeta:
      '@standard-schema/spec':
        optional: true
      arktype:
        optional: true
      valibot:
        optional: true
      zod:
        optional: true

  es-toolkit@1.47.1:
    resolution: {integrity: sha512-5RAqEwf4P4E17p+W75KLOWw/nOvKZzSQpxM32IpI2KZLaVonjTrZ0Ai5ghMaVI9eKC2p8eoQgcBdkEDgzFk6+Q==}

  fdir@6.5.0:
    resolution: {integrity: sha512-tIbYtZbucOs0BRGqPJkshJUYdL+SDH7dVM8gjy+ERp3WAUjLEFJE+02kanyHtwjWOnwrKYBiwAmM0p4kLJAnXg==}
    engines: {node: '>=12.0.0'}
    peerDependencies:
      picomatch: ^3 || ^4
    peerDependenciesMeta:
      picomatch:
        optional: true

  fsevents@2.3.3:
    resolution: {integrity: sha512-5xoDfX+fL7faATnagmWPpbFtwh/R77WmMMqqHGS65C3vvB0YHrgF+B1YmZ3441tMj5n63k0212XNoJwzlhffQw==}
    engines: {node: ^8.16.0 || ^10.6.0 || >=11.0.0}
    os: [darwin]

  globrex@0.1.2:
    resolution: {integrity: sha512-uHJgbwAMwNFf5mLst7IWLNg14x1CkeqglJb/K3doi4dw6q2IvAAmM/Y81kevy83wP+Sst+nutFTYOGg3d1lsxg==}

  hono-openapi@1.1.2:
    resolution: {integrity: sha512-toUcO60MftRBxqcVyxsHNYs2m4vf4xkQaiARAucQx3TiBPDtMNNkoh+C4I1vAretQZiGyaLOZNWn1YxfSyUA5g==}
    peerDependencies:
      '@hono/standard-validator': ^0.2.0
      '@standard-community/standard-json': ^0.3.5
      '@standard-community/standard-openapi': ^0.2.9
      '@types/json-schema': ^7.0.15
      hono: ^4.8.3
      openapi-types: ^12.1.3
    peerDependenciesMeta:
      '@hono/standard-validator':
        optional: true
      hono:
        optional: true

  hono@4.12.25:
    resolution: {integrity: sha512-2NFaIyNVgJmBs/ecmtGzlmluTFs5cHEWGTdu0t1HBwYzoGXOL5nUQBRMXsXWla5i4KkG//QMzVP88m1+I3fdAQ==}
    engines: {node: '>=16.9.0'}

  lightningcss-android-arm64@1.32.0:
    resolution: {integrity: sha512-YK7/ClTt4kAK0vo6w3X+Pnm0D2cf2vPHbhOXdoNti1Ga0al1P4TBZhwjATvjNwLEBCnKvjJc2jQgHXH0NEwlAg==}
    engines: {node: '>= 12.0.0'}
    cpu: [arm64]
    os: [android]

  lightningcss-darwin-arm64@1.32.0:
    resolution: {integrity: sha512-RzeG9Ju5bag2Bv1/lwlVJvBE3q6TtXskdZLLCyfg5pt+HLz9BqlICO7LZM7VHNTTn/5PRhHFBSjk5lc4cmscPQ==}
    engines: {node: '>= 12.0.0'}
    cpu: [arm64]
    os: [darwin]

  lightningcss-darwin-x64@1.32.0:
    resolution: {integrity: sha512-U+QsBp2m/s2wqpUYT/6wnlagdZbtZdndSmut/NJqlCcMLTWp5muCrID+K5UJ6jqD2BFshejCYXniPDbNh73V8w==}
    engines: {node: '>= 12.0.0'}
    cpu: [x64]
    os: [darwin]

  lightningcss-freebsd-x64@1.32.0:
    resolution: {integrity: sha512-JCTigedEksZk3tHTTthnMdVfGf61Fky8Ji2E4YjUTEQX14xiy/lTzXnu1vwiZe3bYe0q+SpsSH/CTeDXK6WHig==}
    engines: {node: '>= 12.0.0'}
    cpu: [x64]
    os: [freebsd]

  lightningcss-linux-arm-gnueabihf@1.32.0:
    resolution: {integrity: sha512-x6rnnpRa2GL0zQOkt6rts3YDPzduLpWvwAF6EMhXFVZXD4tPrBkEFqzGowzCsIWsPjqSK+tyNEODUBXeeVHSkw==}
    engines: {node: '>= 12.0.0'}
    cpu: [arm]
    os: [linux]

  lightningcss-linux-arm64-gnu@1.32.0:
    resolution: {integrity: sha512-0nnMyoyOLRJXfbMOilaSRcLH3Jw5z9HDNGfT/gwCPgaDjnx0i8w7vBzFLFR1f6CMLKF8gVbebmkUN3fa/kQJpQ==}
    engines: {node: '>= 12.0.0'}
    cpu: [arm64]
    os: [linux]
    libc: [glibc]

  lightningcss-linux-arm64-musl@1.32.0:
    resolution: {integrity: sha512-UpQkoenr4UJEzgVIYpI80lDFvRmPVg6oqboNHfoH4CQIfNA+HOrZ7Mo7KZP02dC6LjghPQJeBsvXhJod/wnIBg==}
    engines: {node: '>= 12.0.0'}
    cpu: [arm64]
    os: [linux]
    libc: [musl]

  lightningcss-linux-x64-gnu@1.32.0:
    resolution: {integrity: sha512-V7Qr52IhZmdKPVr+Vtw8o+WLsQJYCTd8loIfpDaMRWGUZfBOYEJeyJIkqGIDMZPwPx24pUMfwSxxI8phr/MbOA==}
    engines: {node: '>= 12.0.0'}
    cpu: [x64]
    os: [linux]
    libc: [glibc]

  lightningcss-linux-x64-musl@1.32.0:
    resolution: {integrity: sha512-bYcLp+Vb0awsiXg/80uCRezCYHNg1/l3mt0gzHnWV9XP1W5sKa5/TCdGWaR/zBM2PeF/HbsQv/j2URNOiVuxWg==}
    engines: {node: '>= 12.0.0'}
    cpu: [x64]
    os: [linux]
    libc: [musl]

  lightningcss-win32-arm64-msvc@1.32.0:
    resolution: {integrity: sha512-8SbC8BR40pS6baCM8sbtYDSwEVQd4JlFTOlaD3gWGHfThTcABnNDBda6eTZeqbofalIJhFx0qKzgHJmcPTnGdw==}
    engines: {node: '>= 12.0.0'}
    cpu: [arm64]
    os: [win32]

  lightningcss-win32-x64-msvc@1.32.0:
    resolution: {integrity: sha512-Amq9B/SoZYdDi1kFrojnoqPLxYhQ4Wo5XiL8EVJrVsB8ARoC1PWW6VGtT0WKCemjy8aC+louJnjS7U18x3b06Q==}
    engines: {node: '>= 12.0.0'}
    cpu: [x64]
    os: [win32]

  lightningcss@1.32.0:
    resolution: {integrity: sha512-NXYBzinNrblfraPGyrbPoD19C1h9lfI/1mzgWYvXUTe414Gz/X1FD2XBZSZM7rRTrMA8JL3OtAaGifrIKhQ5yQ==}
    engines: {node: '>= 12.0.0'}

  ms@2.1.3:
    resolution: {integrity: sha512-6FlzubTLZG3J2a/NVCAleEhjzq5oxgHyaCU9yYXvcLsvoVaHJq/s5xXI6/XXP6tz7R9xAOtHnSO/tXtF3WRTlA==}

  nanoid@3.3.12:
    resolution: {integrity: sha512-ZB9RH/39qpq5Vu6Y+NmUaFhQR6pp+M2Xt76XBnEwDaGcVAqhlvxrl3B2bKS5D3NH3QR76v3aSrKaF/Kiy7lEtQ==}
    engines: {node: ^10 || ^12 || ^13.7 || ^14 || >=15.0.1}
    hasBin: true

  nanoid@5.1.11:
    resolution: {integrity: sha512-v+KEsUv2ps74PaSKv0gHTxTCgMXOIfBEbaqa6w6ISIGC7ZsvHN4N9oJ8d4cmf0n5oTzQz2SLmThbQWhjd/8eKg==}
    engines: {node: ^18 || >=20}
    hasBin: true

  openapi-types@12.1.3:
    resolution: {integrity: sha512-N4YtSYJqghVu4iek2ZUvcN/0aqH1kRDuNqzcycDxhOUpg7GdvLa2F3DgS6yBNhInhv2r/6I0Flkn7CqL8+nIcw==}

  picocolors@1.1.1:
    resolution: {integrity: sha512-xceH2snhtb5M9liqDsmEw56le376mTZkEX/jEb/RxNFyegNul7eNslCXP9FDj/Lcu0X8KEyMceP2ntpaHrDEVA==}

  picomatch@4.0.4:
    resolution: {integrity: sha512-QP88BAKvMam/3NxH6vj2o21R6MjxZUAd6nlwAS/pnGvN9IVLocLHxGYIzFhg6fUQ+5th6P4dv4eW9jX3DSIj7A==}
    engines: {node: '>=12'}

  postcss@8.5.15:
    resolution: {integrity: sha512-FfR8sjd4em2T6fb3I2MwAJU7HWVMr9zba+enmQeeWFfCbm+UOC/0X4DS8XtpUTMwWMGbjKYP7xjfNekzyGmB3A==}
    engines: {node: ^10 || ^12 || >=14}

  quansync@0.2.11:
    resolution: {integrity: sha512-AifT7QEbW9Nri4tAwR5M/uzpBuqfZf+zwaEM/QkzEjj7NBuFD2rBuy0K3dE+8wltbezDV7JMA0WfnCPYRSYbXA==}

  rolldown-plugin-copy@0.2.0:
    resolution: {integrity: sha512-YptSdYzY0FGk4lPzfS3pzIVUbLec3qa+F7xrR6Cj6acg7Qvwn0Q5ayeYjNlRrULm4i86fZ2KEq9VxWp4yx//BQ==}
    peerDependencies:
      '@types/node': '*'
      rolldown: ^1.0.0
    peerDependenciesMeta:
      '@types/node':
        optional: true
      rolldown:
        optional: true

  rolldown@1.0.3:
    resolution: {integrity: sha512-i00lAJ2ks1BYr7rjNjKC7BcqAS7nVfiT3QX1SI5aY+AFHblCmaUf9OE9dbdzDvW6dJxbi2ZCZiy9v3CcwOiX3g==}
    engines: {node: ^20.19.0 || >=22.12.0}
    hasBin: true

  source-map-js@1.2.1:
    resolution: {integrity: sha512-UXWMKhLOwVKb728IUtQPXxfYU+usdybtUrK/8uGE8CQMvrhOpwvzDBwj0QhSL7MQc7vIsISBG8VQ8+IDQxpfQA==}
    engines: {node: '>=0.10.0'}

  srvx@0.11.16:
    resolution: {integrity: sha512-bp07zRuycfTY43IjAvvTFnmnJi8ikW0VFiHwOhhYcVW/L4xQ1XY4PAd4Nuum1rsA17C39zL7x+CDhrn5AL32Rw==}
    engines: {node: '>=20.16.0'}
    hasBin: true

  supports-color@10.2.2:
    resolution: {integrity: sha512-SS+jx45GF1QjgEXQx4NJZV9ImqmO2NPz5FNsIHrsDjh2YsHnawpan7SNQ1o8NuhrbHZy9AZhIoCUiCeaW/C80g==}
    engines: {node: '>=18'}

  tagged-tag@1.0.0:
    resolution: {integrity: sha512-yEFYrVhod+hdNyx7g5Bnkkb0G6si8HJurOoOEgC8B/O0uXLHlaey/65KRv6cuWBNhBgHKAROVpc7QyYqE5gFng==}
    engines: {node: '>=20'}

  tinyglobby@0.2.17:
    resolution: {integrity: sha512-wXR/dYpcqKmfWpEdZjiKJOwCNFndD0DMnrW/cYjVGttEkBfVgcLFHoNrlj47mjOVic9yyNu65alsgF4NQyTa2g==}
    engines: {node: '>=12.0.0'}

  ts-vista@0.2.3:
    resolution: {integrity: sha512-aXdjXqE2ReXVauZTVDfA4Dl5StYID/kS9Z+uUBLJIhdU2oNQC/A33aMj9zeVJCd3fn0UtT8Wj+PAMCRASirkwg==}

  tsconfck@3.1.6:
    resolution: {integrity: sha512-ks6Vjr/jEw0P1gmOVwutM3B7fWxoWBL2KRDb1JfqGVawBmO5UsvmWOQFGHBPl5yxYz4eERr19E6L7NMv+Fej4w==}
    engines: {node: ^18 || >=20}
    deprecated: unmaintained
    hasBin: true
    peerDependencies:
      typescript: ^5.0.0
    peerDependenciesMeta:
      typescript:
        optional: true

  tslib@2.8.1:
    resolution: {integrity: sha512-oJFu94HQb+KVduSUQL7wnpmqnfmLsOA/nAh6b6EH0wCEoK0/mPeXU6c3wKDV83MkOuHPRHtSXKKU99IBazS/2w==}

  type-fest@5.7.0:
    resolution: {integrity: sha512-1URUxUqfHFM1c+zfSPsa3gnkO7Aq21qyH75SIduNYz4SzY964rn1X2vCMQaHSHhktiw+0kPa2iyb6PUpXqB6Vg==}
    engines: {node: '>=20'}

  typescript@6.0.3:
    resolution: {integrity: sha512-y2TvuxSZPDyQakkFRPZHKFm+KKVqIisdg9/CZwm9ftvKXLP8NRWj38/ODjNbr43SsoXqNuAisEf1GdCxqWcdBw==}
    engines: {node: '>=14.17'}
    hasBin: true

  undici-types@7.24.6:
    resolution: {integrity: sha512-WRNW+sJgj5OBN4/0JpHFqtqzhpbnV0GuB+OozA9gCL7a993SmU+1JBZCzLNxYsbMfIeDL+lTsphD5jN5N+n0zg==}

  undici@8.4.1:
    resolution: {integrity: sha512-RNHlB4fxZK0IrkhBsxhlbx7s8kFWwr7rzzOqj5nvZugw3ig3RsB7KW3zVlV0eu8POl+rx5d1hmL7rRg0z1owow==}
    engines: {node: '>=22.19.0'}

  vite-plugin-mkcert@2.1.0:
    resolution: {integrity: sha512-UQS5iyknruwCsvqDPsKRyHIVSVfv/iGdRPmUPaM1JRwNJo8wo/MubzJ66ckWwOLxFU4wW90oZq9GviV87nRHsg==}
    engines: {node: '>=22.19.0'}
    peerDependencies:
      vite: '>=3'

  vite-tsconfig-paths@6.1.1:
    resolution: {integrity: sha512-2cihq7zliibCCZ8P9cKJrQBkfgdvcFkOOc3Y02o3GWUDLgqjWsZudaoiuOwO/gzTzy17cS5F7ZPo4bsnS4DGkg==}
    peerDependencies:
      vite: '*'

  vite@8.0.16:
    resolution: {integrity: sha512-h9bXPmJichP5fLmVQo3PyaGSDE2n3aPuomeAlVRm0JLmt4rY6zmPKd59HYI4LNW8oTK7tlTsuC7l/m7awx9Jcw==}
    engines: {node: ^20.19.0 || >=22.12.0}
    hasBin: true
    peerDependencies:
      '@types/node': ^20.19.0 || >=22.12.0
      '@vitejs/devtools': ^0.1.18
      esbuild: ^0.27.0 || ^0.28.0
      jiti: '>=1.21.0'
      less: ^4.0.0
      sass: ^1.70.0
      sass-embedded: ^1.70.0
      stylus: '>=0.54.8'
      sugarss: ^5.0.0
      terser: ^5.16.0
      tsx: ^4.8.1
      yaml: ^2.4.2
    peerDependenciesMeta:
      '@types/node':
        optional: true
      '@vitejs/devtools':
        optional: true
      esbuild:
        optional: true
      jiti:
        optional: true
      less:
        optional: true
      sass:
        optional: true
      sass-embedded:
        optional: true
      stylus:
        optional: true
      sugarss:
        optional: true
      terser:
        optional: true
      tsx:
        optional: true
      yaml:
        optional: true

  zod@4.4.3:
    resolution: {integrity: sha512-ytENFjIJFl2UwYglde2jchW2Hwm4GJFLDiSXWdTrJQBIN9Fcyp7n4DhxJEiWNAJMV1/BqWfW/kkg71UDcHJyTQ==}

snapshots:

  '@apst/biome@0.3.2(@biomejs/biome@2.5.0)':
    optionalDependencies:
      '@biomejs/biome': 2.5.0

  '@apst/tsconfig@0.3.0(typescript@6.0.3)':
    optionalDependencies:
      typescript: 6.0.3

  '@biomejs/biome@2.5.0':
    optionalDependencies:
      '@biomejs/cli-darwin-arm64': 2.5.0
      '@biomejs/cli-darwin-x64': 2.5.0
      '@biomejs/cli-linux-arm64': 2.5.0
      '@biomejs/cli-linux-arm64-musl': 2.5.0
      '@biomejs/cli-linux-x64': 2.5.0
      '@biomejs/cli-linux-x64-musl': 2.5.0
      '@biomejs/cli-win32-arm64': 2.5.0
      '@biomejs/cli-win32-x64': 2.5.0

  '@biomejs/cli-darwin-arm64@2.5.0':
    optional: true

  '@biomejs/cli-darwin-x64@2.5.0':
    optional: true

  '@biomejs/cli-linux-arm64-musl@2.5.0':
    optional: true

  '@biomejs/cli-linux-arm64@2.5.0':
    optional: true

  '@biomejs/cli-linux-x64-musl@2.5.0':
    optional: true

  '@biomejs/cli-linux-x64@2.5.0':
    optional: true

  '@biomejs/cli-win32-arm64@2.5.0':
    optional: true

  '@biomejs/cli-win32-x64@2.5.0':
    optional: true

  '@emnapi/core@1.10.0':
    dependencies:
      '@emnapi/wasi-threads': 1.2.1
      tslib: 2.8.1
    optional: true

  '@emnapi/runtime@1.10.0':
    dependencies:
      tslib: 2.8.1
    optional: true

  '@emnapi/wasi-threads@1.2.1':
    dependencies:
      tslib: 2.8.1
    optional: true

  '@hono/node-server@2.0.5(hono@4.12.25)':
    dependencies:
      hono: 4.12.25

  '@hono/standard-validator@0.2.1(@standard-schema/spec@1.1.0)(hono@4.12.25)':
    dependencies:
      '@standard-schema/spec': 1.1.0
      hono: 4.12.25

  '@jderstd/core@0.5.0':
    dependencies:
      ts-vista: 0.2.3

  '@jderstd/hono-openapi@0.2.0(@hono/standard-validator@0.2.1(@standard-schema/spec@1.1.0)(hono@4.12.25))(@jderstd/hono@0.8.2(hono@4.12.25))(hono@4.12.25)(zod@4.4.3)':
    dependencies:
      '@jderstd/hono': 0.8.2(hono@4.12.25)
      '@jderstd/hono-standard-validator': 0.3.0(@jderstd/hono@0.8.2(hono@4.12.25))(hono@4.12.25)
      '@standard-community/standard-json': 0.3.5(@standard-schema/spec@1.1.0)(@types/json-schema@7.0.15)(quansync@0.2.11)(zod@4.4.3)
      '@standard-community/standard-openapi': 0.2.9(@standard-community/standard-json@0.3.5(@standard-schema/spec@1.1.0)(@types/json-schema@7.0.15)(quansync@0.2.11)(zod@4.4.3))(@standard-schema/spec@1.1.0)(openapi-types@12.1.3)(zod@4.4.3)
      '@standard-schema/spec': 1.1.0
      '@types/json-schema': 7.0.15
      hono: 4.12.25
      hono-openapi: 1.1.2(@hono/standard-validator@0.2.1(@standard-schema/spec@1.1.0)(hono@4.12.25))(@standard-community/standard-json@0.3.5(@standard-schema/spec@1.1.0)(@types/json-schema@7.0.15)(quansync@0.2.11)(zod@4.4.3))(@standard-community/standard-openapi@0.2.9(@standard-community/standard-json@0.3.5(@standard-schema/spec@1.1.0)(@types/json-schema@7.0.15)(quansync@0.2.11)(zod@4.4.3))(@standard-schema/spec@1.1.0)(openapi-types@12.1.3)(zod@4.4.3))(@types/json-schema@7.0.15)(hono@4.12.25)(openapi-types@12.1.3)
      openapi-types: 12.1.3
      quansync: 0.2.11
    transitivePeerDependencies:
      - '@hono/standard-validator'
      - arktype
      - effect
      - sury
      - typebox
      - valibot
      - zod
      - zod-to-json-schema

  '@jderstd/hono-standard-validator@0.3.0(@jderstd/hono@0.8.2(hono@4.12.25))(hono@4.12.25)':
    dependencies:
      '@hono/standard-validator': 0.2.1(@standard-schema/spec@1.1.0)(hono@4.12.25)
      '@jderstd/hono': 0.8.2(hono@4.12.25)
      '@standard-schema/spec': 1.1.0
      hono: 4.12.25

  '@jderstd/hono@0.8.2(hono@4.12.25)':
    dependencies:
      '@jderstd/core': 0.5.0
      hono: 4.12.25
      ts-vista: 0.2.3

  '@napi-rs/wasm-runtime@1.1.5(@emnapi/core@1.10.0)(@emnapi/runtime@1.10.0)':
    dependencies:
      '@emnapi/core': 1.10.0
      '@emnapi/runtime': 1.10.0
      '@tybys/wasm-util': 0.10.2
    optional: true

  '@oxc-project/types@0.133.0': {}

  '@rolldown/binding-android-arm64@1.0.3':
    optional: true

  '@rolldown/binding-darwin-arm64@1.0.3':
    optional: true

  '@rolldown/binding-darwin-x64@1.0.3':
    optional: true

  '@rolldown/binding-freebsd-x64@1.0.3':
    optional: true

  '@rolldown/binding-linux-arm-gnueabihf@1.0.3':
    optional: true

  '@rolldown/binding-linux-arm64-gnu@1.0.3':
    optional: true

  '@rolldown/binding-linux-arm64-musl@1.0.3':
    optional: true

  '@rolldown/binding-linux-ppc64-gnu@1.0.3':
    optional: true

  '@rolldown/binding-linux-s390x-gnu@1.0.3':
    optional: true

  '@rolldown/binding-linux-x64-gnu@1.0.3':
    optional: true

  '@rolldown/binding-linux-x64-musl@1.0.3':
    optional: true

  '@rolldown/binding-openharmony-arm64@1.0.3':
    optional: true

  '@rolldown/binding-wasm32-wasi@1.0.3':
    dependencies:
      '@emnapi/core': 1.10.0
      '@emnapi/runtime': 1.10.0
      '@napi-rs/wasm-runtime': 1.1.5(@emnapi/core@1.10.0)(@emnapi/runtime@1.10.0)
    optional: true

  '@rolldown/binding-win32-arm64-msvc@1.0.3':
    optional: true

  '@rolldown/binding-win32-x64-msvc@1.0.3':
    optional: true

  '@rolldown/pluginutils@1.0.1': {}

  '@scalar/client-side-rendering@0.2.3':
    dependencies:
      '@scalar/schemas': 0.4.3
      '@scalar/types': 0.13.3
      '@scalar/validation': 0.6.0

  '@scalar/helpers@0.8.2': {}

  '@scalar/hono-api-reference@0.11.3(hono@4.12.25)':
    dependencies:
      '@scalar/client-side-rendering': 0.2.3
      hono: 4.12.25

  '@scalar/schemas@0.4.3':
    dependencies:
      '@scalar/helpers': 0.8.2
      '@scalar/validation': 0.6.0

  '@scalar/types@0.13.3':
    dependencies:
      '@scalar/helpers': 0.8.2
      nanoid: 5.1.11
      type-fest: 5.7.0
      zod: 4.4.3

  '@scalar/validation@0.6.0': {}

  '@srvkit/common@0.2.0':
    dependencies:
      consola: 3.4.2
      envkist: 0.2.0
      es-toolkit: 1.47.1
      srvx: 0.11.16
      ts-vista: 0.2.3

  '@srvkit/vite@0.2.0(@types/node@25.9.3)(rolldown@1.0.3)(vite@8.0.16(@types/node@25.9.3))':
    dependencies:
      '@srvkit/common': 0.2.0
      rolldown-plugin-copy: 0.2.0(@types/node@25.9.3)(rolldown@1.0.3)
    optionalDependencies:
      rolldown: 1.0.3
      vite: 8.0.16(@types/node@25.9.3)
    transitivePeerDependencies:
      - '@types/node'

  '@standard-community/standard-json@0.3.5(@standard-schema/spec@1.1.0)(@types/json-schema@7.0.15)(quansync@0.2.11)(zod@4.4.3)':
    dependencies:
      '@standard-schema/spec': 1.1.0
      '@types/json-schema': 7.0.15
      quansync: 0.2.11
    optionalDependencies:
      zod: 4.4.3

  '@standard-community/standard-openapi@0.2.9(@standard-community/standard-json@0.3.5(@standard-schema/spec@1.1.0)(@types/json-schema@7.0.15)(quansync@0.2.11)(zod@4.4.3))(@standard-schema/spec@1.1.0)(openapi-types@12.1.3)(zod@4.4.3)':
    dependencies:
      '@standard-community/standard-json': 0.3.5(@standard-schema/spec@1.1.0)(@types/json-schema@7.0.15)(quansync@0.2.11)(zod@4.4.3)
      '@standard-schema/spec': 1.1.0
      openapi-types: 12.1.3
    optionalDependencies:
      zod: 4.4.3

  '@standard-schema/spec@1.1.0': {}

  '@tybys/wasm-util@0.10.2':
    dependencies:
      tslib: 2.8.1
    optional: true

  '@types/json-schema@7.0.15': {}

  '@types/node@25.9.3':
    dependencies:
      undici-types: 7.24.6

  consola@3.4.2: {}

  debug@4.4.3(supports-color@10.2.2):
    dependencies:
      ms: 2.1.3
    optionalDependencies:
      supports-color: 10.2.2

  detect-libc@2.1.2: {}

  envkist@0.2.0: {}

  envow@0.1.0(@standard-schema/spec@1.1.0)(zod@4.4.3):
    dependencies:
      ts-vista: 0.2.3
    optionalDependencies:
      '@standard-schema/spec': 1.1.0
      zod: 4.4.3

  es-toolkit@1.47.1: {}

  fdir@6.5.0(picomatch@4.0.4):
    optionalDependencies:
      picomatch: 4.0.4

  fsevents@2.3.3:
    optional: true

  globrex@0.1.2: {}

  hono-openapi@1.1.2(@hono/standard-validator@0.2.1(@standard-schema/spec@1.1.0)(hono@4.12.25))(@standard-community/standard-json@0.3.5(@standard-schema/spec@1.1.0)(@types/json-schema@7.0.15)(quansync@0.2.11)(zod@4.4.3))(@standard-community/standard-openapi@0.2.9(@standard-community/standard-json@0.3.5(@standard-schema/spec@1.1.0)(@types/json-schema@7.0.15)(quansync@0.2.11)(zod@4.4.3))(@standard-schema/spec@1.1.0)(openapi-types@12.1.3)(zod@4.4.3))(@types/json-schema@7.0.15)(hono@4.12.25)(openapi-types@12.1.3):
    dependencies:
      '@standard-community/standard-json': 0.3.5(@standard-schema/spec@1.1.0)(@types/json-schema@7.0.15)(quansync@0.2.11)(zod@4.4.3)
      '@standard-community/standard-openapi': 0.2.9(@standard-community/standard-json@0.3.5(@standard-schema/spec@1.1.0)(@types/json-schema@7.0.15)(quansync@0.2.11)(zod@4.4.3))(@standard-schema/spec@1.1.0)(openapi-types@12.1.3)(zod@4.4.3)
      '@types/json-schema': 7.0.15
      openapi-types: 12.1.3
    optionalDependencies:
      '@hono/standard-validator': 0.2.1(@standard-schema/spec@1.1.0)(hono@4.12.25)
      hono: 4.12.25

  hono@4.12.25: {}

  lightningcss-android-arm64@1.32.0:
    optional: true

  lightningcss-darwin-arm64@1.32.0:
    optional: true

  lightningcss-darwin-x64@1.32.0:
    optional: true

  lightningcss-freebsd-x64@1.32.0:
    optional: true

  lightningcss-linux-arm-gnueabihf@1.32.0:
    optional: true

  lightningcss-linux-arm64-gnu@1.32.0:
    optional: true

  lightningcss-linux-arm64-musl@1.32.0:
    optional: true

  lightningcss-linux-x64-gnu@1.32.0:
    optional: true

  lightningcss-linux-x64-musl@1.32.0:
    optional: true

  lightningcss-win32-arm64-msvc@1.32.0:
    optional: true

  lightningcss-win32-x64-msvc@1.32.0:
    optional: true

  lightningcss@1.32.0:
    dependencies:
      detect-libc: 2.1.2
    optionalDependencies:
      lightningcss-android-arm64: 1.32.0
      lightningcss-darwin-arm64: 1.32.0
      lightningcss-darwin-x64: 1.32.0
      lightningcss-freebsd-x64: 1.32.0
      lightningcss-linux-arm-gnueabihf: 1.32.0
      lightningcss-linux-arm64-gnu: 1.32.0
      lightningcss-linux-arm64-musl: 1.32.0
      lightningcss-linux-x64-gnu: 1.32.0
      lightningcss-linux-x64-musl: 1.32.0
      lightningcss-win32-arm64-msvc: 1.32.0
      lightningcss-win32-x64-msvc: 1.32.0

  ms@2.1.3: {}

  nanoid@3.3.12: {}

  nanoid@5.1.11: {}

  openapi-types@12.1.3: {}

  picocolors@1.1.1: {}

  picomatch@4.0.4: {}

  postcss@8.5.15:
    dependencies:
      nanoid: 3.3.12
      picocolors: 1.1.1
      source-map-js: 1.2.1

  quansync@0.2.11: {}

  rolldown-plugin-copy@0.2.0(@types/node@25.9.3)(rolldown@1.0.3):
    dependencies:
      consola: 3.4.2
      es-toolkit: 1.47.1
      tinyglobby: 0.2.17
      ts-vista: 0.2.3
    optionalDependencies:
      '@types/node': 25.9.3
      rolldown: 1.0.3

  rolldown@1.0.3:
    dependencies:
      '@oxc-project/types': 0.133.0
      '@rolldown/pluginutils': 1.0.1
    optionalDependencies:
      '@rolldown/binding-android-arm64': 1.0.3
      '@rolldown/binding-darwin-arm64': 1.0.3
      '@rolldown/binding-darwin-x64': 1.0.3
      '@rolldown/binding-freebsd-x64': 1.0.3
      '@rolldown/binding-linux-arm-gnueabihf': 1.0.3
      '@rolldown/binding-linux-arm64-gnu': 1.0.3
      '@rolldown/binding-linux-arm64-musl': 1.0.3
      '@rolldown/binding-linux-ppc64-gnu': 1.0.3
      '@rolldown/binding-linux-s390x-gnu': 1.0.3
      '@rolldown/binding-linux-x64-gnu': 1.0.3
      '@rolldown/binding-linux-x64-musl': 1.0.3
      '@rolldown/binding-openharmony-arm64': 1.0.3
      '@rolldown/binding-wasm32-wasi': 1.0.3
      '@rolldown/binding-win32-arm64-msvc': 1.0.3
      '@rolldown/binding-win32-x64-msvc': 1.0.3

  source-map-js@1.2.1: {}

  srvx@0.11.16: {}

  supports-color@10.2.2: {}

  tagged-tag@1.0.0: {}

  tinyglobby@0.2.17:
    dependencies:
      fdir: 6.5.0(picomatch@4.0.4)
      picomatch: 4.0.4

  ts-vista@0.2.3: {}

  tsconfck@3.1.6(typescript@6.0.3):
    optionalDependencies:
      typescript: 6.0.3

  tslib@2.8.1:
    optional: true

  type-fest@5.7.0:
    dependencies:
      tagged-tag: 1.0.0

  typescript@6.0.3: {}

  undici-types@7.24.6: {}

  undici@8.4.1: {}

  vite-plugin-mkcert@2.1.0(vite@8.0.16(@types/node@25.9.3)):
    dependencies:
      debug: 4.4.3(supports-color@10.2.2)
      supports-color: 10.2.2
      undici: 8.4.1
      vite: 8.0.16(@types/node@25.9.3)

  vite-tsconfig-paths@6.1.1(typescript@6.0.3)(vite@8.0.16(@types/node@25.9.3)):
    dependencies:
      debug: 4.4.3(supports-color@10.2.2)
      globrex: 0.1.2
      tsconfck: 3.1.6(typescript@6.0.3)
      vite: 8.0.16(@types/node@25.9.3)
    transitivePeerDependencies:
      - supports-color
      - typescript

  vite@8.0.16(@types/node@25.9.3):
    dependencies:
      lightningcss: 1.32.0
      picomatch: 4.0.4
      postcss: 8.5.15
      rolldown: 1.0.3
      tinyglobby: 0.2.17
    optionalDependencies:
      '@types/node': 25.9.3
      fsevents: 2.3.3

  zod@4.4.3: {}
