lockfileVersion: '9.0'

settings:
  autoInstallPeers: false
  excludeLinksFromLockfile: false

importers:

  .:
    dependencies:
      '@hono/node-server':
        specifier: ^2.0.2
        version: 2.0.2(hono@4.12.18)
      '@jderstd/hono':
        specifier: ~0.8.2
        version: 0.8.2(hono@4.12.18)
      '@jderstd/hono-openapi':
        specifier: ~0.2.0
        version: 0.2.0(@hono/standard-validator@0.2.1(@standard-schema/spec@1.1.0)(hono@4.12.18))(@jderstd/hono@0.8.2(hono@4.12.18))(hono@4.12.18)(zod@4.4.3)
      '@scalar/hono-api-reference':
        specifier: ~0.10.14
        version: 0.10.14(hono@4.12.18)
      hono:
        specifier: ^4.12.18
        version: 4.12.18
      ts-vista:
        specifier: ~0.2.3
        version: 0.2.3
      vitend:
        specifier: ~0.3.0
        version: 0.3.0(@types/node@25.7.0)(rolldown@1.0.1)(vite@8.0.13(@types/node@25.7.0))
      zod:
        specifier: ^4.4.3
        version: 4.4.3
    devDependencies:
      '@apst/biome':
        specifier: ~0.3.1
        version: 0.3.1(@biomejs/biome@2.4.15)
      '@apst/tsconfig':
        specifier: ~0.3.0
        version: 0.3.0(typescript@6.0.3)
      '@biomejs/biome':
        specifier: ^2.4.15
        version: 2.4.15
      '@types/node':
        specifier: ^25.7.0
        version: 25.7.0
      typescript:
        specifier: ^6.0.3
        version: 6.0.3
      vite:
        specifier: ^8.0.13
        version: 8.0.13(@types/node@25.7.0)
      vite-plugin-mkcert:
        specifier: ^2.0.0
        version: 2.0.0(vite@8.0.13(@types/node@25.7.0))
      vite-tsconfig-paths:
        specifier: ^6.1.1
        version: 6.1.1(typescript@6.0.3)(vite@8.0.13(@types/node@25.7.0))

packages:

  '@apst/biome@0.3.1':
    resolution: {integrity: sha512-shvIbGtfIBvaeJ5Mn4O4qnZybc3XYthi3ViQfq3TIhscJDYnlZ+RlHGPZigf5rS7lALuwe0jZKvQS+xIGX93+w==}
    peerDependencies:
      '@biomejs/biome': ^2.0.0
    peerDependenciesMeta:
      '@biomejs/biome':
        optional: true

  '@apst/tsconfig@0.3.0':
    resolution: {integrity: sha512-1fvjlQLOexuVqZaQj7K+n/3GxEAk5WcbuSuUsaxpfxhEuWpTIGop04nGX7XENScZhkxm4+vFIFy1LsYLNpOUjQ==}
    peerDependencies:
      typescript: ^5.0.0 || ^6.0.0
    peerDependenciesMeta:
      typescript:
        optional: true

  '@biomejs/biome@2.4.15':
    resolution: {integrity: sha512-j5VH3a/h/HXTKBM50MDMxRCzkeLv9S2XJcW2WgnZT1+xyisi+0bISrXR82gCX+8S9lvK0skEvHJRN+3Ktr2hlw==}
    engines: {node: '>=14.21.3'}
    hasBin: true

  '@biomejs/cli-darwin-arm64@2.4.15':
    resolution: {integrity: sha512-rF3PPqLq1yoST79zaQbDjVJwsuIeci/O+9bgNmC5QpgOqz6aqYuzA4abyAGx+mgyiDXn4A049xAN8gijbuR1Qg==}
    engines: {node: '>=14.21.3'}
    cpu: [arm64]
    os: [darwin]

  '@biomejs/cli-darwin-x64@2.4.15':
    resolution: {integrity: sha512-/5KHXYMfSJs1fNXiX30xFtI8JcCFV6zaVVLxOa0M2sfqBKHkpQhRTv94yxQWxeTY2lzo2OuTlNvPC+hDQt2wcQ==}
    engines: {node: '>=14.21.3'}
    cpu: [x64]
    os: [darwin]

  '@biomejs/cli-linux-arm64-musl@2.4.15':
    resolution: {integrity: sha512-ZPcxznxm0pogHBLZhYntyR3sR+MrZjqJIKEr7ZqVen0Rl+P/4upVmfYXjftizi9RoqZntg33fv/1fbdhbYXpEQ==}
    engines: {node: '>=14.21.3'}
    cpu: [arm64]
    os: [linux]
    libc: [musl]

  '@biomejs/cli-linux-arm64@2.4.15':
    resolution: {integrity: sha512-owaAMZD/T4LrD0ELNCk0Km3qrRHuM0X6EAyVE1FSqGY0rbLoiDLrO4Us2tllm6cAeB2Ioa9C2C08NZPdr8+0Ug==}
    engines: {node: '>=14.21.3'}
    cpu: [arm64]
    os: [linux]
    libc: [glibc]

  '@biomejs/cli-linux-x64-musl@2.4.15':
    resolution: {integrity: sha512-CNq/9W38SYSH023lfcQ4KKU8K0YX8T//FZUhcgtMMRABDojx5XsMV7jlweAvGSl389wJQB29Qo6Zb/a+jdvt+w==}
    engines: {node: '>=14.21.3'}
    cpu: [x64]
    os: [linux]
    libc: [musl]

  '@biomejs/cli-linux-x64@2.4.15':
    resolution: {integrity: sha512-0jj7THz12GbUOLmMibktK6DZjqz2zV64KFxyBtcFTKPiiOIY0a7vns1elpO1dERvxpsZ5ik0oFfz0oGwFde1+g==}
    engines: {node: '>=14.21.3'}
    cpu: [x64]
    os: [linux]
    libc: [glibc]

  '@biomejs/cli-win32-arm64@2.4.15':
    resolution: {integrity: sha512-ouhkYdlhp/1GghEJPdWwD/Vi3gQ1nFxuSpMolWsbq3Lsq3QUR4jl6UdhhscdCugKU5vOEuMiJhvKj66O0OCq+w==}
    engines: {node: '>=14.21.3'}
    cpu: [arm64]
    os: [win32]

  '@biomejs/cli-win32-x64@2.4.15':
    resolution: {integrity: sha512-zBrGq5mx5wwpnow4+2BxUvleDM+GNd4sLbPaMapsSLQLD0NGRCquqPBTgN+7XkUteHvj7M+BstuI8tmnV7+HgQ==}
    engines: {node: '>=14.21.3'}
    cpu: [x64]
    os: [win32]

  '@emnapi/core@1.10.0':
    resolution: {integrity: sha512-yq6OkJ4p82CAfPl0u9mQebQHKPJkY7WrIuk205cTYnYe+k2Z8YBh11FrbRG/H6ihirqcacOgl2BIO8oyMQLeXw==}

  '@emnapi/runtime@1.10.0':
    resolution: {integrity: sha512-ewvYlk86xUoGI0zQRNq/mC+16R1QeDlKQy21Ki3oSYXNgLb45GV1P6A0M+/s6nyCuNDqe5VpaY84BzXGwVbwFA==}

  '@emnapi/wasi-threads@1.2.1':
    resolution: {integrity: sha512-uTII7OYF+/Mes/MrcIOYp5yOtSMLBWSIoLPpcgwipoiKbli6k322tcoFsxoIIxPDqW01SQGAgko4EzZi2BNv2w==}

  '@hono/node-server@2.0.2':
    resolution: {integrity: sha512-tXlTi1h/4V7sDe7i97IVP+9re9ZU7wXZZggnR5ucCRclf1+AX6YhGStrR5w8bLj+3Mlyl0pKfBh9gqTqqnGKfQ==}
    engines: {node: '>=20'}
    peerDependencies:
      hono: ^4

  '@hono/standard-validator@0.2.1':
    resolution: {integrity: sha512-uF1W7/iSWi0r5Mugj5ZzdlCVp/KeGatS6JYt+Eht9xKO0IDtdZbdaLApgjrzHINQQa+Wnxw2pcX6EfO+vgB+Wg==}
    peerDependencies:
      '@standard-schema/spec': 1.0.0
      hono: '>=3.9.0'

  '@jderstd/core@0.5.0':
    resolution: {integrity: sha512-NyVYmkZk+t2S9G0qdgRVO8t6/tCZD6B7NYbld4GQtJmW6P7HPUBTJwSAFb25vEwhfXWlzpGowvdSWe/cPyrCJg==}

  '@jderstd/hono-openapi@0.2.0':
    resolution: {integrity: sha512-oieZ1xkBD5pGn6gAz2/2WfbaLhY/VJauiVA52Bog7uQ2jKfUJMfeYkKDVdtiVxfCQdGR6gRhU9n5CVSFMIRD5A==}
    peerDependencies:
      '@jderstd/hono': ~0.8.0
      '@valibot/to-json-schema': ^1.0.0
      hono: ^4.5.0
      zod-openapi: ^4.0.0
    peerDependenciesMeta:
      '@valibot/to-json-schema':
        optional: true
      zod-openapi:
        optional: true

  '@jderstd/hono-standard-validator@0.3.0':
    resolution: {integrity: sha512-CXNJJAFECq/GladFceQj2vfoimF0va0Xr8hZhbY9IS1MIMszHTDKil9CbPfIqQN9TLy+CWPyNO1ObskQeLEsmw==}
    peerDependencies:
      '@jderstd/hono': ~0.8.0
      hono: ^4.5.0

  '@jderstd/hono@0.8.2':
    resolution: {integrity: sha512-+MvpoTKYAn1hUON+5VECwPgKBpNe6ucWFxhO9DAeUUf+qmQ7e59O9vN8Iuo9YlyWu6RBERbpUvQFuBZYSGEyag==}
    peerDependencies:
      hono: ^4.5.0

  '@napi-rs/wasm-runtime@1.1.4':
    resolution: {integrity: sha512-3NQNNgA1YSlJb/kMH1ildASP9HW7/7kYnRI2szWJaofaS1hWmbGI4H+d3+22aGzXXN9IJ+n+GiFVcGipJP18ow==}
    peerDependencies:
      '@emnapi/core': ^1.7.1
      '@emnapi/runtime': ^1.7.1

  '@oxc-project/types@0.130.0':
    resolution: {integrity: sha512-ibD2usx9JRu7f5pu2tMKMI4cpA4NgXJQoYRP4pQ7Pxmn1l6k/53qWtQWZayhYy3X4QZkt90Ot+mJEaeXouio6Q==}

  '@rolldown/binding-android-arm64@1.0.1':
    resolution: {integrity: sha512-fJI3I0r3C3Oj/zdBCpaCmBRZYf07xpaq4yCfDDoSFm+beWNzbIl26puW8RraUdugoJw/95zerNOn6jasAhzSmg==}
    engines: {node: ^20.19.0 || >=22.12.0}
    cpu: [arm64]
    os: [android]

  '@rolldown/binding-darwin-arm64@1.0.1':
    resolution: {integrity: sha512-cKnAhWEsV7TPcA/5EAteDp6KcJZBQ2G+BqE7zayMMi7kMvwRsbv7WT9aOnn0WNl4SKEIf43vjS31iUPu80nzXg==}
    engines: {node: ^20.19.0 || >=22.12.0}
    cpu: [arm64]
    os: [darwin]

  '@rolldown/binding-darwin-x64@1.0.1':
    resolution: {integrity: sha512-YKrVwQjIRBPo+5G/u03wGjbdy4q7pyzCe93DK9VJ7zkVmeg8LJ7GbgsiHWdR4xSoe4CAXRD7Bcjgbtr64bkXNg==}
    engines: {node: ^20.19.0 || >=22.12.0}
    cpu: [x64]
    os: [darwin]

  '@rolldown/binding-freebsd-x64@1.0.1':
    resolution: {integrity: sha512-z/oBsREo46SsFqBwYtFe0kpJeBijAT48O/WXLI4suiCLBkr03RTtTJMCzSdDd2znlh8VJizL09XVkQgk8IZonw==}
    engines: {node: ^20.19.0 || >=22.12.0}
    cpu: [x64]
    os: [freebsd]

  '@rolldown/binding-linux-arm-gnueabihf@1.0.1':
    resolution: {integrity: sha512-ik8q7GM11zxvYxFc2PeDcT6TBvhCQMaUxfph/M5l9sKuTs/Sjg3L+Byw0F7w0ZVLBZmx30P+gG0ECzzN+MFcmQ==}
    engines: {node: ^20.19.0 || >=22.12.0}
    cpu: [arm]
    os: [linux]

  '@rolldown/binding-linux-arm64-gnu@1.0.1':
    resolution: {integrity: sha512-QoSx2EkyrrdZ6kcyE8stqZ62t0Yra8Fs5ia9lOxJrh6TMQJK7gQKmscdTHf7pOXKREKrVwOtJcQG3qVSfc866A==}
    engines: {node: ^20.19.0 || >=22.12.0}
    cpu: [arm64]
    os: [linux]
    libc: [glibc]

  '@rolldown/binding-linux-arm64-musl@1.0.1':
    resolution: {integrity: sha512-uwNwFpwKeNiZawfAWBgg0VIztPTV3ihhh1vV334h9ivnNLorxnQMU6Fz8wG1Zb4Qh9LC1/MkcyT3YlDXG3Rsgg==}
    engines: {node: ^20.19.0 || >=22.12.0}
    cpu: [arm64]
    os: [linux]
    libc: [musl]

  '@rolldown/binding-linux-ppc64-gnu@1.0.1':
    resolution: {integrity: sha512-zY1bul7OWr7DFBiJ++wofXvnr8B45ce3QsQUhKrIhXsygAh7bTkwyeM1bi1a2g5C/yC/N8TZyGDEoMfm/l9mpg==}
    engines: {node: ^20.19.0 || >=22.12.0}
    cpu: [ppc64]
    os: [linux]
    libc: [glibc]

  '@rolldown/binding-linux-s390x-gnu@1.0.1':
    resolution: {integrity: sha512-0frlsT/f4Ft6I7SMESTKnF3cZsdicQn1dCMkF/jT9wDLE+gGoiQfv1nmT9e+s7s/fekvvy6tZM2jHvI2tkbJDQ==}
    engines: {node: ^20.19.0 || >=22.12.0}
    cpu: [s390x]
    os: [linux]
    libc: [glibc]

  '@rolldown/binding-linux-x64-gnu@1.0.1':
    resolution: {integrity: sha512-XABVmGp9Tg0WspTVvwduTc4fpqy6JnAUrSQe6OuyqD/03nI7r0O9OWUkMIwFrjKAIqolvqoA4ZrJppgwE0Gxmw==}
    engines: {node: ^20.19.0 || >=22.12.0}
    cpu: [x64]
    os: [linux]
    libc: [glibc]

  '@rolldown/binding-linux-x64-musl@1.0.1':
    resolution: {integrity: sha512-bV4fzswuzVcKD90o/VM6QqKxnxlDq0g2BISDLNVmxrnhpv1DDbyPhCIjYfvzYLV+MvkKKnQt2Q6AO86SEBULUQ==}
    engines: {node: ^20.19.0 || >=22.12.0}
    cpu: [x64]
    os: [linux]
    libc: [musl]

  '@rolldown/binding-openharmony-arm64@1.0.1':
    resolution: {integrity: sha512-/Mh0Zhq3OP7fVs0kcQHZP6lZEthMGTaSf8UBQYSFEZDWGXXlEC+nJ6EqenaK2t4LBXMe3A+K/G2BVXXdtOr4PQ==}
    engines: {node: ^20.19.0 || >=22.12.0}
    cpu: [arm64]
    os: [openharmony]

  '@rolldown/binding-wasm32-wasi@1.0.1':
    resolution: {integrity: sha512-+1xc9X45l8ufsBAm6Gjvx2qDRIY9lTVt0cgWNcJ+1gdhXvkbxePA60yRTwSTuXL09CMhyJmjpV7E3NoyxbqFQQ==}
    engines: {node: ^20.19.0 || >=22.12.0}
    cpu: [wasm32]

  '@rolldown/binding-win32-arm64-msvc@1.0.1':
    resolution: {integrity: sha512-1D+UqZdfnuR+Jy1GgMJwi85bD40H21uNmOPRWQhw4oRSuolZ/B5rixZ45DK2KXOTCvmVCecauWgEhbw8bI7tOw==}
    engines: {node: ^20.19.0 || >=22.12.0}
    cpu: [arm64]
    os: [win32]

  '@rolldown/binding-win32-x64-msvc@1.0.1':
    resolution: {integrity: sha512-INAycaWuhlOK3wk4mRHGsdgwYWmd9cChdPdE9bwWmy6rn9VqVNYNFGhOdXrofXUxwHIncSiPNb8tNm8knDVIeQ==}
    engines: {node: ^20.19.0 || >=22.12.0}
    cpu: [x64]
    os: [win32]

  '@rolldown/pluginutils@1.0.1':
    resolution: {integrity: sha512-2j9bGt5Jh8hj+vPtgzPtl72j0yRxHAyumoo6TNfAjsLB04UtpSvPbPcDcBMxz7n+9CYB0c1GxQFxYRg2jimqGw==}

  '@scalar/client-side-rendering@0.1.7':
    resolution: {integrity: sha512-IDzjKF93jrOljlvKBsLHXT1FPWgz56jFrMPC+iLihREp1qH8wF92mG8Zpakw8cURkEuw5WijRk0xNBP2moGyuw==}
    engines: {node: '>=22'}

  '@scalar/helpers@0.6.0':
    resolution: {integrity: sha512-pfSamAgBxqFeE8IpEG6uGkHlnPhY1CLeOTttV9+vKQbrBk5b7vvyTsUXv0Hz4kNU1TFrxcTTPE+Akn5S+jlTtQ==}
    engines: {node: '>=22'}

  '@scalar/hono-api-reference@0.10.14':
    resolution: {integrity: sha512-LCIT4ul3c4MyD7shhxsWcvvOABt0fEHNQID2n+2TPeItc/MR2qCjjp/QfqD+JoQ7zbc0nnzh1kwRR06MVBmnUA==}
    engines: {node: '>=22'}
    peerDependencies:
      hono: ^4.12.5

  '@scalar/types@0.9.6':
    resolution: {integrity: sha512-UaCQQcscFTJdxZREE8KhUdSJgaDlc44TZbmWcZffs4m1hzqOvEI7lEBS13iBpLq7/cxUXFgyJdecywvNqJ0PkA==}
    engines: {node: '>=22'}

  '@standard-community/standard-json@0.3.5':
    resolution: {integrity: sha512-4+ZPorwDRt47i+O7RjyuaxHRK/37QY/LmgxlGrRrSTLYoFatEOzvqIc85GTlM18SFZ5E91C+v0o/M37wZPpUHA==}
    peerDependencies:
      '@standard-schema/spec': ^1.0.0
      '@types/json-schema': ^7.0.15
      '@valibot/to-json-schema': ^1.3.0
      arktype: ^2.1.20
      effect: ^3.16.8
      quansync: ^0.2.11
      sury: ^10.0.0
      typebox: ^1.0.17
      valibot: ^1.1.0
      zod: ^3.25.0 || ^4.0.0
      zod-to-json-schema: ^3.24.5
    peerDependenciesMeta:
      '@valibot/to-json-schema':
        optional: true
      arktype:
        optional: true
      effect:
        optional: true
      sury:
        optional: true
      typebox:
        optional: true
      valibot:
        optional: true
      zod:
        optional: true
      zod-to-json-schema:
        optional: true

  '@standard-community/standard-openapi@0.2.9':
    resolution: {integrity: sha512-htj+yldvN1XncyZi4rehbf9kLbu8os2Ke/rfqoZHCMHuw34kiF3LP/yQPdA0tQ940y8nDq3Iou8R3wG+AGGyvg==}
    peerDependencies:
      '@standard-community/standard-json': ^0.3.5
      '@standard-schema/spec': ^1.0.0
      arktype: ^2.1.20
      effect: ^3.17.14
      openapi-types: ^12.1.3
      sury: ^10.0.0
      typebox: ^1.0.0
      valibot: ^1.1.0
      zod: ^3.25.0 || ^4.0.0
      zod-openapi: ^4
    peerDependenciesMeta:
      arktype:
        optional: true
      effect:
        optional: true
      sury:
        optional: true
      typebox:
        optional: true
      valibot:
        optional: true
      zod:
        optional: true
      zod-openapi:
        optional: true

  '@standard-schema/spec@1.1.0':
    resolution: {integrity: sha512-l2aFy5jALhniG5HgqrD6jXLi/rUWrKvqN/qJx6yoJsgKhblVd+iqqU4RCXavm/jPityDo5TCvKMnpjKnOriy0w==}

  '@tybys/wasm-util@0.10.2':
    resolution: {integrity: sha512-RoBvJ2X0wuKlWFIjrwffGw1IqZHKQqzIchKaadZZfnNpsAYp2mM0h36JtPCjNDAHGgYez/15uMBpfGwchhiMgg==}

  '@types/json-schema@7.0.15':
    resolution: {integrity: sha512-5+fP8P8MFNC+AyZCDxrB2pkZFPGzqQWUzpSeuuVLvm8VMcorNYavBqoFcxK8bQz4Qsbn4oUEEem4wDLfcysGHA==}

  '@types/node@25.7.0':
    resolution: {integrity: sha512-z+pdZyxE+RTQE9AcboAZCb4otwcrvgHD+GlBpPgn0emDVt0ohrTMhAwlr2Wd9nZ+nihhYFxO2pThz3C5qSu2Eg==}

  consola@3.4.2:
    resolution: {integrity: sha512-5IKcdX0nnYavi6G7TtOhwkYzyjfJlatbjMjuLSfE2kYT5pMDOilZ4OvMhi637CcDICTmz3wARPoyhqyX1Y+XvA==}
    engines: {node: ^14.18.0 || >=16.10.0}

  debug@4.4.3:
    resolution: {integrity: sha512-RGwwWnwQvkVfavKVt22FGLw+xYSdzARwm0ru6DhTVA3umU5hZc28V3kO4stgYryrTlLpuvgI9GiijltAjNbcqA==}
    engines: {node: '>=6.0'}
    peerDependencies:
      supports-color: '*'
    peerDependenciesMeta:
      supports-color:
        optional: true

  detect-libc@2.1.2:
    resolution: {integrity: sha512-Btj2BOOO83o3WyH59e8MgXsxEQVcarkUOpEYrubB0urwnN10yQ364rsiByU11nZlqWYZm05i/of7io4mzihBtQ==}
    engines: {node: '>=8'}

  es-toolkit@1.46.1:
    resolution: {integrity: sha512-5eNtXOs3tbfxXOj04tjjseeWkRWaoCjdEI+96DgwzZoe6c9juL49pXlzAFTI72aWC9Y8p7168g6XIKjh7k6pyQ==}

  fdir@6.5.0:
    resolution: {integrity: sha512-tIbYtZbucOs0BRGqPJkshJUYdL+SDH7dVM8gjy+ERp3WAUjLEFJE+02kanyHtwjWOnwrKYBiwAmM0p4kLJAnXg==}
    engines: {node: '>=12.0.0'}
    peerDependencies:
      picomatch: ^3 || ^4
    peerDependenciesMeta:
      picomatch:
        optional: true

  fsevents@2.3.3:
    resolution: {integrity: sha512-5xoDfX+fL7faATnagmWPpbFtwh/R77WmMMqqHGS65C3vvB0YHrgF+B1YmZ3441tMj5n63k0212XNoJwzlhffQw==}
    engines: {node: ^8.16.0 || ^10.6.0 || >=11.0.0}
    os: [darwin]

  globrex@0.1.2:
    resolution: {integrity: sha512-uHJgbwAMwNFf5mLst7IWLNg14x1CkeqglJb/K3doi4dw6q2IvAAmM/Y81kevy83wP+Sst+nutFTYOGg3d1lsxg==}

  hono-openapi@1.1.2:
    resolution: {integrity: sha512-toUcO60MftRBxqcVyxsHNYs2m4vf4xkQaiARAucQx3TiBPDtMNNkoh+C4I1vAretQZiGyaLOZNWn1YxfSyUA5g==}
    peerDependencies:
      '@hono/standard-validator': ^0.2.0
      '@standard-community/standard-json': ^0.3.5
      '@standard-community/standard-openapi': ^0.2.9
      '@types/json-schema': ^7.0.15
      hono: ^4.8.3
      openapi-types: ^12.1.3
    peerDependenciesMeta:
      '@hono/standard-validator':
        optional: true
      hono:
        optional: true

  hono@4.12.18:
    resolution: {integrity: sha512-RWzP96k/yv0PQfyXnWjs6zot20TqfpfsNXhOnev8d1InAxubW93L11/oNUc3tQqn2G0bSdAOBpX+2uDFHV7kdQ==}
    engines: {node: '>=16.9.0'}

  lightningcss-android-arm64@1.32.0:
    resolution: {integrity: sha512-YK7/ClTt4kAK0vo6w3X+Pnm0D2cf2vPHbhOXdoNti1Ga0al1P4TBZhwjATvjNwLEBCnKvjJc2jQgHXH0NEwlAg==}
    engines: {node: '>= 12.0.0'}
    cpu: [arm64]
    os: [android]

  lightningcss-darwin-arm64@1.32.0:
    resolution: {integrity: sha512-RzeG9Ju5bag2Bv1/lwlVJvBE3q6TtXskdZLLCyfg5pt+HLz9BqlICO7LZM7VHNTTn/5PRhHFBSjk5lc4cmscPQ==}
    engines: {node: '>= 12.0.0'}
    cpu: [arm64]
    os: [darwin]

  lightningcss-darwin-x64@1.32.0:
    resolution: {integrity: sha512-U+QsBp2m/s2wqpUYT/6wnlagdZbtZdndSmut/NJqlCcMLTWp5muCrID+K5UJ6jqD2BFshejCYXniPDbNh73V8w==}
    engines: {node: '>= 12.0.0'}
    cpu: [x64]
    os: [darwin]

  lightningcss-freebsd-x64@1.32.0:
    resolution: {integrity: sha512-JCTigedEksZk3tHTTthnMdVfGf61Fky8Ji2E4YjUTEQX14xiy/lTzXnu1vwiZe3bYe0q+SpsSH/CTeDXK6WHig==}
    engines: {node: '>= 12.0.0'}
    cpu: [x64]
    os: [freebsd]

  lightningcss-linux-arm-gnueabihf@1.32.0:
    resolution: {integrity: sha512-x6rnnpRa2GL0zQOkt6rts3YDPzduLpWvwAF6EMhXFVZXD4tPrBkEFqzGowzCsIWsPjqSK+tyNEODUBXeeVHSkw==}
    engines: {node: '>= 12.0.0'}
    cpu: [arm]
    os: [linux]

  lightningcss-linux-arm64-gnu@1.32.0:
    resolution: {integrity: sha512-0nnMyoyOLRJXfbMOilaSRcLH3Jw5z9HDNGfT/gwCPgaDjnx0i8w7vBzFLFR1f6CMLKF8gVbebmkUN3fa/kQJpQ==}
    engines: {node: '>= 12.0.0'}
    cpu: [arm64]
    os: [linux]
    libc: [glibc]

  lightningcss-linux-arm64-musl@1.32.0:
    resolution: {integrity: sha512-UpQkoenr4UJEzgVIYpI80lDFvRmPVg6oqboNHfoH4CQIfNA+HOrZ7Mo7KZP02dC6LjghPQJeBsvXhJod/wnIBg==}
    engines: {node: '>= 12.0.0'}
    cpu: [arm64]
    os: [linux]
    libc: [musl]

  lightningcss-linux-x64-gnu@1.32.0:
    resolution: {integrity: sha512-V7Qr52IhZmdKPVr+Vtw8o+WLsQJYCTd8loIfpDaMRWGUZfBOYEJeyJIkqGIDMZPwPx24pUMfwSxxI8phr/MbOA==}
    engines: {node: '>= 12.0.0'}
    cpu: [x64]
    os: [linux]
    libc: [glibc]

  lightningcss-linux-x64-musl@1.32.0:
    resolution: {integrity: sha512-bYcLp+Vb0awsiXg/80uCRezCYHNg1/l3mt0gzHnWV9XP1W5sKa5/TCdGWaR/zBM2PeF/HbsQv/j2URNOiVuxWg==}
    engines: {node: '>= 12.0.0'}
    cpu: [x64]
    os: [linux]
    libc: [musl]

  lightningcss-win32-arm64-msvc@1.32.0:
    resolution: {integrity: sha512-8SbC8BR40pS6baCM8sbtYDSwEVQd4JlFTOlaD3gWGHfThTcABnNDBda6eTZeqbofalIJhFx0qKzgHJmcPTnGdw==}
    engines: {node: '>= 12.0.0'}
    cpu: [arm64]
    os: [win32]

  lightningcss-win32-x64-msvc@1.32.0:
    resolution: {integrity: sha512-Amq9B/SoZYdDi1kFrojnoqPLxYhQ4Wo5XiL8EVJrVsB8ARoC1PWW6VGtT0WKCemjy8aC+louJnjS7U18x3b06Q==}
    engines: {node: '>= 12.0.0'}
    cpu: [x64]
    os: [win32]

  lightningcss@1.32.0:
    resolution: {integrity: sha512-NXYBzinNrblfraPGyrbPoD19C1h9lfI/1mzgWYvXUTe414Gz/X1FD2XBZSZM7rRTrMA8JL3OtAaGifrIKhQ5yQ==}
    engines: {node: '>= 12.0.0'}

  ms@2.1.3:
    resolution: {integrity: sha512-6FlzubTLZG3J2a/NVCAleEhjzq5oxgHyaCU9yYXvcLsvoVaHJq/s5xXI6/XXP6tz7R9xAOtHnSO/tXtF3WRTlA==}

  nanoid@3.3.12:
    resolution: {integrity: sha512-ZB9RH/39qpq5Vu6Y+NmUaFhQR6pp+M2Xt76XBnEwDaGcVAqhlvxrl3B2bKS5D3NH3QR76v3aSrKaF/Kiy7lEtQ==}
    engines: {node: ^10 || ^12 || ^13.7 || ^14 || >=15.0.1}
    hasBin: true

  nanoid@5.1.11:
    resolution: {integrity: sha512-v+KEsUv2ps74PaSKv0gHTxTCgMXOIfBEbaqa6w6ISIGC7ZsvHN4N9oJ8d4cmf0n5oTzQz2SLmThbQWhjd/8eKg==}
    engines: {node: ^18 || >=20}
    hasBin: true

  openapi-types@12.1.3:
    resolution: {integrity: sha512-N4YtSYJqghVu4iek2ZUvcN/0aqH1kRDuNqzcycDxhOUpg7GdvLa2F3DgS6yBNhInhv2r/6I0Flkn7CqL8+nIcw==}

  picocolors@1.1.1:
    resolution: {integrity: sha512-xceH2snhtb5M9liqDsmEw56le376mTZkEX/jEb/RxNFyegNul7eNslCXP9FDj/Lcu0X8KEyMceP2ntpaHrDEVA==}

  picomatch@4.0.4:
    resolution: {integrity: sha512-QP88BAKvMam/3NxH6vj2o21R6MjxZUAd6nlwAS/pnGvN9IVLocLHxGYIzFhg6fUQ+5th6P4dv4eW9jX3DSIj7A==}
    engines: {node: '>=12'}

  postcss@8.5.14:
    resolution: {integrity: sha512-SoSL4+OSEtR99LHFZQiJLkT59C5B1amGO1NzTwj7TT1qCUgUO6hxOvzkOYxD+vMrXBM3XJIKzokoERdqQq/Zmg==}
    engines: {node: ^10 || ^12 || >=14}

  quansync@0.2.11:
    resolution: {integrity: sha512-AifT7QEbW9Nri4tAwR5M/uzpBuqfZf+zwaEM/QkzEjj7NBuFD2rBuy0K3dE+8wltbezDV7JMA0WfnCPYRSYbXA==}

  rolldown-plugin-copy@0.1.1:
    resolution: {integrity: sha512-agtVrBQkGRfIcNtMrmjafT1xJY2WeAcK7iA3N1kyEkJnB0TDE0jJGhpm8Xb4pQBUfTf1gO2TWTZW7UyZOmL6yg==}
    peerDependencies:
      '@types/node': '*'
      rolldown: ^1.0.0
    peerDependenciesMeta:
      '@types/node':
        optional: true
      rolldown:
        optional: true

  rolldown@1.0.1:
    resolution: {integrity: sha512-X0KQHljNnEkWNqqiz9zJrGunh1B0HgOxLXvnFpCOcadzcy5qohZ3tqMEUg00vncoRovXuK3ZqCT9KnnKzoInFQ==}
    engines: {node: ^20.19.0 || >=22.12.0}
    hasBin: true

  source-map-js@1.2.1:
    resolution: {integrity: sha512-UXWMKhLOwVKb728IUtQPXxfYU+usdybtUrK/8uGE8CQMvrhOpwvzDBwj0QhSL7MQc7vIsISBG8VQ8+IDQxpfQA==}
    engines: {node: '>=0.10.0'}

  srvx@0.11.15:
    resolution: {integrity: sha512-iXsux0UcOjdvs0LCMa2Ws3WwcDUozA3JN3BquNXkaFPP7TpRqgunKdEgoZ/uwb1J6xaYHfxtz9Twlh6yzwM6Tg==}
    engines: {node: '>=20.16.0'}
    hasBin: true

  supports-color@10.2.2:
    resolution: {integrity: sha512-SS+jx45GF1QjgEXQx4NJZV9ImqmO2NPz5FNsIHrsDjh2YsHnawpan7SNQ1o8NuhrbHZy9AZhIoCUiCeaW/C80g==}
    engines: {node: '>=18'}

  tagged-tag@1.0.0:
    resolution: {integrity: sha512-yEFYrVhod+hdNyx7g5Bnkkb0G6si8HJurOoOEgC8B/O0uXLHlaey/65KRv6cuWBNhBgHKAROVpc7QyYqE5gFng==}
    engines: {node: '>=20'}

  tinyglobby@0.2.16:
    resolution: {integrity: sha512-pn99VhoACYR8nFHhxqix+uvsbXineAasWm5ojXoN8xEwK5Kd3/TrhNn1wByuD52UxWRLy8pu+kRMniEi6Eq9Zg==}
    engines: {node: '>=12.0.0'}

  ts-vista@0.2.3:
    resolution: {integrity: sha512-aXdjXqE2ReXVauZTVDfA4Dl5StYID/kS9Z+uUBLJIhdU2oNQC/A33aMj9zeVJCd3fn0UtT8Wj+PAMCRASirkwg==}

  tsconfck@3.1.6:
    resolution: {integrity: sha512-ks6Vjr/jEw0P1gmOVwutM3B7fWxoWBL2KRDb1JfqGVawBmO5UsvmWOQFGHBPl5yxYz4eERr19E6L7NMv+Fej4w==}
    engines: {node: ^18 || >=20}
    hasBin: true
    peerDependencies:
      typescript: ^5.0.0
    peerDependenciesMeta:
      typescript:
        optional: true

  tslib@2.8.1:
    resolution: {integrity: sha512-oJFu94HQb+KVduSUQL7wnpmqnfmLsOA/nAh6b6EH0wCEoK0/mPeXU6c3wKDV83MkOuHPRHtSXKKU99IBazS/2w==}

  type-fest@5.6.0:
    resolution: {integrity: sha512-8ZiHFm91orbSAe2PSAiSVBVko18pbhbiB3U9GglSzF/zCGkR+rxpHx6sEMCUm4kxY4LjDIUGgCfUMtwfZfjfUA==}
    engines: {node: '>=20'}

  typescript@6.0.3:
    resolution: {integrity: sha512-y2TvuxSZPDyQakkFRPZHKFm+KKVqIisdg9/CZwm9ftvKXLP8NRWj38/ODjNbr43SsoXqNuAisEf1GdCxqWcdBw==}
    engines: {node: '>=14.17'}
    hasBin: true

  undici-types@7.21.0:
    resolution: {integrity: sha512-w9IMgQrz4O0YN1LtB7K5P63vhlIOvC7opSmouCJ+ZywlPAlO9gIkJ+otk6LvGpAs2wg4econaCz3TvQ9xPoyuQ==}

  undici@8.1.0:
    resolution: {integrity: sha512-E9MkTS4xXLnRPYqxH2e6Hr2/49e7WFDKczKcCaFH4VaZs2iNvHMqeIkyUAD9vM8kujy9TjVrRlQ5KkdEJxB2pw==}
    engines: {node: '>=22.19.0'}

  vite-plugin-mkcert@2.0.0:
    resolution: {integrity: sha512-+5roXeOT91WRO3NKFRcDZKEHhze/1uahSSKOIq3vz2w19mJojBcyOo0JyLRHbME31Ym5qPRNJ8CwKO0mu4RJ2Q==}
    engines: {node: '>=22.19.0'}
    peerDependencies:
      vite: '>=3'

  vite-tsconfig-paths@6.1.1:
    resolution: {integrity: sha512-2cihq7zliibCCZ8P9cKJrQBkfgdvcFkOOc3Y02o3GWUDLgqjWsZudaoiuOwO/gzTzy17cS5F7ZPo4bsnS4DGkg==}
    peerDependencies:
      vite: '*'

  vite@8.0.13:
    resolution: {integrity: sha512-MFtjBYgzmSxmgA4RAfjIyXWpGe1oALnjgUTzzV7QLx/TKxCzjtMH6Fd9/eVK+5Fg1qNoz5VAwsmMs/NofrmJvw==}
    engines: {node: ^20.19.0 || >=22.12.0}
    hasBin: true
    peerDependencies:
      '@types/node': ^20.19.0 || >=22.12.0
      '@vitejs/devtools': ^0.1.18
      esbuild: ^0.27.0 || ^0.28.0
      jiti: '>=1.21.0'
      less: ^4.0.0
      sass: ^1.70.0
      sass-embedded: ^1.70.0
      stylus: '>=0.54.8'
      sugarss: ^5.0.0
      terser: ^5.16.0
      tsx: ^4.8.1
      yaml: ^2.4.2
    peerDependenciesMeta:
      '@types/node':
        optional: true
      '@vitejs/devtools':
        optional: true
      esbuild:
        optional: true
      jiti:
        optional: true
      less:
        optional: true
      sass:
        optional: true
      sass-embedded:
        optional: true
      stylus:
        optional: true
      sugarss:
        optional: true
      terser:
        optional: true
      tsx:
        optional: true
      yaml:
        optional: true

  vitend@0.3.0:
    resolution: {integrity: sha512-pY7VLneU/Mf3SXt3sSqIz21rbSwpYNVUEu62ZbOXJCl+09EPr50fxZdeiOJeZcskW+5uWweyyeiTHTyaUEl/gg==}
    peerDependencies:
      vite: ^7.0.0 || ^8.0.0

  zod@4.4.3:
    resolution: {integrity: sha512-ytENFjIJFl2UwYglde2jchW2Hwm4GJFLDiSXWdTrJQBIN9Fcyp7n4DhxJEiWNAJMV1/BqWfW/kkg71UDcHJyTQ==}

snapshots:

  '@apst/biome@0.3.1(@biomejs/biome@2.4.15)':
    optionalDependencies:
      '@biomejs/biome': 2.4.15

  '@apst/tsconfig@0.3.0(typescript@6.0.3)':
    optionalDependencies:
      typescript: 6.0.3

  '@biomejs/biome@2.4.15':
    optionalDependencies:
      '@biomejs/cli-darwin-arm64': 2.4.15
      '@biomejs/cli-darwin-x64': 2.4.15
      '@biomejs/cli-linux-arm64': 2.4.15
      '@biomejs/cli-linux-arm64-musl': 2.4.15
      '@biomejs/cli-linux-x64': 2.4.15
      '@biomejs/cli-linux-x64-musl': 2.4.15
      '@biomejs/cli-win32-arm64': 2.4.15
      '@biomejs/cli-win32-x64': 2.4.15

  '@biomejs/cli-darwin-arm64@2.4.15':
    optional: true

  '@biomejs/cli-darwin-x64@2.4.15':
    optional: true

  '@biomejs/cli-linux-arm64-musl@2.4.15':
    optional: true

  '@biomejs/cli-linux-arm64@2.4.15':
    optional: true

  '@biomejs/cli-linux-x64-musl@2.4.15':
    optional: true

  '@biomejs/cli-linux-x64@2.4.15':
    optional: true

  '@biomejs/cli-win32-arm64@2.4.15':
    optional: true

  '@biomejs/cli-win32-x64@2.4.15':
    optional: true

  '@emnapi/core@1.10.0':
    dependencies:
      '@emnapi/wasi-threads': 1.2.1
      tslib: 2.8.1
    optional: true

  '@emnapi/runtime@1.10.0':
    dependencies:
      tslib: 2.8.1
    optional: true

  '@emnapi/wasi-threads@1.2.1':
    dependencies:
      tslib: 2.8.1
    optional: true

  '@hono/node-server@2.0.2(hono@4.12.18)':
    dependencies:
      hono: 4.12.18

  '@hono/standard-validator@0.2.1(@standard-schema/spec@1.1.0)(hono@4.12.18)':
    dependencies:
      '@standard-schema/spec': 1.1.0
      hono: 4.12.18

  '@jderstd/core@0.5.0':
    dependencies:
      ts-vista: 0.2.3

  '@jderstd/hono-openapi@0.2.0(@hono/standard-validator@0.2.1(@standard-schema/spec@1.1.0)(hono@4.12.18))(@jderstd/hono@0.8.2(hono@4.12.18))(hono@4.12.18)(zod@4.4.3)':
    dependencies:
      '@jderstd/hono': 0.8.2(hono@4.12.18)
      '@jderstd/hono-standard-validator': 0.3.0(@jderstd/hono@0.8.2(hono@4.12.18))(hono@4.12.18)
      '@standard-community/standard-json': 0.3.5(@standard-schema/spec@1.1.0)(@types/json-schema@7.0.15)(quansync@0.2.11)(zod@4.4.3)
      '@standard-community/standard-openapi': 0.2.9(@standard-community/standard-json@0.3.5(@standard-schema/spec@1.1.0)(@types/json-schema@7.0.15)(quansync@0.2.11)(zod@4.4.3))(@standard-schema/spec@1.1.0)(openapi-types@12.1.3)(zod@4.4.3)
      '@standard-schema/spec': 1.1.0
      '@types/json-schema': 7.0.15
      hono: 4.12.18
      hono-openapi: 1.1.2(@hono/standard-validator@0.2.1(@standard-schema/spec@1.1.0)(hono@4.12.18))(@standard-community/standard-json@0.3.5(@standard-schema/spec@1.1.0)(@types/json-schema@7.0.15)(quansync@0.2.11)(zod@4.4.3))(@standard-community/standard-openapi@0.2.9(@standard-community/standard-json@0.3.5(@standard-schema/spec@1.1.0)(@types/json-schema@7.0.15)(quansync@0.2.11)(zod@4.4.3))(@standard-schema/spec@1.1.0)(openapi-types@12.1.3)(zod@4.4.3))(@types/json-schema@7.0.15)(hono@4.12.18)(openapi-types@12.1.3)
      openapi-types: 12.1.3
      quansync: 0.2.11
    transitivePeerDependencies:
      - '@hono/standard-validator'
      - arktype
      - effect
      - sury
      - typebox
      - valibot
      - zod
      - zod-to-json-schema

  '@jderstd/hono-standard-validator@0.3.0(@jderstd/hono@0.8.2(hono@4.12.18))(hono@4.12.18)':
    dependencies:
      '@hono/standard-validator': 0.2.1(@standard-schema/spec@1.1.0)(hono@4.12.18)
      '@jderstd/hono': 0.8.2(hono@4.12.18)
      '@standard-schema/spec': 1.1.0
      hono: 4.12.18

  '@jderstd/hono@0.8.2(hono@4.12.18)':
    dependencies:
      '@jderstd/core': 0.5.0
      hono: 4.12.18
      ts-vista: 0.2.3

  '@napi-rs/wasm-runtime@1.1.4(@emnapi/core@1.10.0)(@emnapi/runtime@1.10.0)':
    dependencies:
      '@emnapi/core': 1.10.0
      '@emnapi/runtime': 1.10.0
      '@tybys/wasm-util': 0.10.2
    optional: true

  '@oxc-project/types@0.130.0': {}

  '@rolldown/binding-android-arm64@1.0.1':
    optional: true

  '@rolldown/binding-darwin-arm64@1.0.1':
    optional: true

  '@rolldown/binding-darwin-x64@1.0.1':
    optional: true

  '@rolldown/binding-freebsd-x64@1.0.1':
    optional: true

  '@rolldown/binding-linux-arm-gnueabihf@1.0.1':
    optional: true

  '@rolldown/binding-linux-arm64-gnu@1.0.1':
    optional: true

  '@rolldown/binding-linux-arm64-musl@1.0.1':
    optional: true

  '@rolldown/binding-linux-ppc64-gnu@1.0.1':
    optional: true

  '@rolldown/binding-linux-s390x-gnu@1.0.1':
    optional: true

  '@rolldown/binding-linux-x64-gnu@1.0.1':
    optional: true

  '@rolldown/binding-linux-x64-musl@1.0.1':
    optional: true

  '@rolldown/binding-openharmony-arm64@1.0.1':
    optional: true

  '@rolldown/binding-wasm32-wasi@1.0.1':
    dependencies:
      '@emnapi/core': 1.10.0
      '@emnapi/runtime': 1.10.0
      '@napi-rs/wasm-runtime': 1.1.4(@emnapi/core@1.10.0)(@emnapi/runtime@1.10.0)
    optional: true

  '@rolldown/binding-win32-arm64-msvc@1.0.1':
    optional: true

  '@rolldown/binding-win32-x64-msvc@1.0.1':
    optional: true

  '@rolldown/pluginutils@1.0.1': {}

  '@scalar/client-side-rendering@0.1.7':
    dependencies:
      '@scalar/types': 0.9.6

  '@scalar/helpers@0.6.0': {}

  '@scalar/hono-api-reference@0.10.14(hono@4.12.18)':
    dependencies:
      '@scalar/client-side-rendering': 0.1.7
      hono: 4.12.18

  '@scalar/types@0.9.6':
    dependencies:
      '@scalar/helpers': 0.6.0
      nanoid: 5.1.11
      type-fest: 5.6.0
      zod: 4.4.3

  '@standard-community/standard-json@0.3.5(@standard-schema/spec@1.1.0)(@types/json-schema@7.0.15)(quansync@0.2.11)(zod@4.4.3)':
    dependencies:
      '@standard-schema/spec': 1.1.0
      '@types/json-schema': 7.0.15
      quansync: 0.2.11
    optionalDependencies:
      zod: 4.4.3

  '@standard-community/standard-openapi@0.2.9(@standard-community/standard-json@0.3.5(@standard-schema/spec@1.1.0)(@types/json-schema@7.0.15)(quansync@0.2.11)(zod@4.4.3))(@standard-schema/spec@1.1.0)(openapi-types@12.1.3)(zod@4.4.3)':
    dependencies:
      '@standard-community/standard-json': 0.3.5(@standard-schema/spec@1.1.0)(@types/json-schema@7.0.15)(quansync@0.2.11)(zod@4.4.3)
      '@standard-schema/spec': 1.1.0
      openapi-types: 12.1.3
    optionalDependencies:
      zod: 4.4.3

  '@standard-schema/spec@1.1.0': {}

  '@tybys/wasm-util@0.10.2':
    dependencies:
      tslib: 2.8.1
    optional: true

  '@types/json-schema@7.0.15': {}

  '@types/node@25.7.0':
    dependencies:
      undici-types: 7.21.0

  consola@3.4.2: {}

  debug@4.4.3(supports-color@10.2.2):
    dependencies:
      ms: 2.1.3
    optionalDependencies:
      supports-color: 10.2.2

  detect-libc@2.1.2: {}

  es-toolkit@1.46.1: {}

  fdir@6.5.0(picomatch@4.0.4):
    optionalDependencies:
      picomatch: 4.0.4

  fsevents@2.3.3:
    optional: true

  globrex@0.1.2: {}

  hono-openapi@1.1.2(@hono/standard-validator@0.2.1(@standard-schema/spec@1.1.0)(hono@4.12.18))(@standard-community/standard-json@0.3.5(@standard-schema/spec@1.1.0)(@types/json-schema@7.0.15)(quansync@0.2.11)(zod@4.4.3))(@standard-community/standard-openapi@0.2.9(@standard-community/standard-json@0.3.5(@standard-schema/spec@1.1.0)(@types/json-schema@7.0.15)(quansync@0.2.11)(zod@4.4.3))(@standard-schema/spec@1.1.0)(openapi-types@12.1.3)(zod@4.4.3))(@types/json-schema@7.0.15)(hono@4.12.18)(openapi-types@12.1.3):
    dependencies:
      '@standard-community/standard-json': 0.3.5(@standard-schema/spec@1.1.0)(@types/json-schema@7.0.15)(quansync@0.2.11)(zod@4.4.3)
      '@standard-community/standard-openapi': 0.2.9(@standard-community/standard-json@0.3.5(@standard-schema/spec@1.1.0)(@types/json-schema@7.0.15)(quansync@0.2.11)(zod@4.4.3))(@standard-schema/spec@1.1.0)(openapi-types@12.1.3)(zod@4.4.3)
      '@types/json-schema': 7.0.15
      openapi-types: 12.1.3
    optionalDependencies:
      '@hono/standard-validator': 0.2.1(@standard-schema/spec@1.1.0)(hono@4.12.18)
      hono: 4.12.18

  hono@4.12.18: {}

  lightningcss-android-arm64@1.32.0:
    optional: true

  lightningcss-darwin-arm64@1.32.0:
    optional: true

  lightningcss-darwin-x64@1.32.0:
    optional: true

  lightningcss-freebsd-x64@1.32.0:
    optional: true

  lightningcss-linux-arm-gnueabihf@1.32.0:
    optional: true

  lightningcss-linux-arm64-gnu@1.32.0:
    optional: true

  lightningcss-linux-arm64-musl@1.32.0:
    optional: true

  lightningcss-linux-x64-gnu@1.32.0:
    optional: true

  lightningcss-linux-x64-musl@1.32.0:
    optional: true

  lightningcss-win32-arm64-msvc@1.32.0:
    optional: true

  lightningcss-win32-x64-msvc@1.32.0:
    optional: true

  lightningcss@1.32.0:
    dependencies:
      detect-libc: 2.1.2
    optionalDependencies:
      lightningcss-android-arm64: 1.32.0
      lightningcss-darwin-arm64: 1.32.0
      lightningcss-darwin-x64: 1.32.0
      lightningcss-freebsd-x64: 1.32.0
      lightningcss-linux-arm-gnueabihf: 1.32.0
      lightningcss-linux-arm64-gnu: 1.32.0
      lightningcss-linux-arm64-musl: 1.32.0
      lightningcss-linux-x64-gnu: 1.32.0
      lightningcss-linux-x64-musl: 1.32.0
      lightningcss-win32-arm64-msvc: 1.32.0
      lightningcss-win32-x64-msvc: 1.32.0

  ms@2.1.3: {}

  nanoid@3.3.12: {}

  nanoid@5.1.11: {}

  openapi-types@12.1.3: {}

  picocolors@1.1.1: {}

  picomatch@4.0.4: {}

  postcss@8.5.14:
    dependencies:
      nanoid: 3.3.12
      picocolors: 1.1.1
      source-map-js: 1.2.1

  quansync@0.2.11: {}

  rolldown-plugin-copy@0.1.1(@types/node@25.7.0)(rolldown@1.0.1):
    dependencies:
      consola: 3.4.2
      es-toolkit: 1.46.1
      tinyglobby: 0.2.16
      ts-vista: 0.2.3
    optionalDependencies:
      '@types/node': 25.7.0
      rolldown: 1.0.1

  rolldown@1.0.1:
    dependencies:
      '@oxc-project/types': 0.130.0
      '@rolldown/pluginutils': 1.0.1
    optionalDependencies:
      '@rolldown/binding-android-arm64': 1.0.1
      '@rolldown/binding-darwin-arm64': 1.0.1
      '@rolldown/binding-darwin-x64': 1.0.1
      '@rolldown/binding-freebsd-x64': 1.0.1
      '@rolldown/binding-linux-arm-gnueabihf': 1.0.1
      '@rolldown/binding-linux-arm64-gnu': 1.0.1
      '@rolldown/binding-linux-arm64-musl': 1.0.1
      '@rolldown/binding-linux-ppc64-gnu': 1.0.1
      '@rolldown/binding-linux-s390x-gnu': 1.0.1
      '@rolldown/binding-linux-x64-gnu': 1.0.1
      '@rolldown/binding-linux-x64-musl': 1.0.1
      '@rolldown/binding-openharmony-arm64': 1.0.1
      '@rolldown/binding-wasm32-wasi': 1.0.1
      '@rolldown/binding-win32-arm64-msvc': 1.0.1
      '@rolldown/binding-win32-x64-msvc': 1.0.1

  source-map-js@1.2.1: {}

  srvx@0.11.15: {}

  supports-color@10.2.2: {}

  tagged-tag@1.0.0: {}

  tinyglobby@0.2.16:
    dependencies:
      fdir: 6.5.0(picomatch@4.0.4)
      picomatch: 4.0.4

  ts-vista@0.2.3: {}

  tsconfck@3.1.6(typescript@6.0.3):
    optionalDependencies:
      typescript: 6.0.3

  tslib@2.8.1:
    optional: true

  type-fest@5.6.0:
    dependencies:
      tagged-tag: 1.0.0

  typescript@6.0.3: {}

  undici-types@7.21.0: {}

  undici@8.1.0: {}

  vite-plugin-mkcert@2.0.0(vite@8.0.13(@types/node@25.7.0)):
    dependencies:
      debug: 4.4.3(supports-color@10.2.2)
      supports-color: 10.2.2
      undici: 8.1.0
      vite: 8.0.13(@types/node@25.7.0)

  vite-tsconfig-paths@6.1.1(typescript@6.0.3)(vite@8.0.13(@types/node@25.7.0)):
    dependencies:
      debug: 4.4.3(supports-color@10.2.2)
      globrex: 0.1.2
      tsconfck: 3.1.6(typescript@6.0.3)
      vite: 8.0.13(@types/node@25.7.0)
    transitivePeerDependencies:
      - supports-color
      - typescript

  vite@8.0.13(@types/node@25.7.0):
    dependencies:
      lightningcss: 1.32.0
      picomatch: 4.0.4
      postcss: 8.5.14
      rolldown: 1.0.1
      tinyglobby: 0.2.16
    optionalDependencies:
      '@types/node': 25.7.0
      fsevents: 2.3.3

  vitend@0.3.0(@types/node@25.7.0)(rolldown@1.0.1)(vite@8.0.13(@types/node@25.7.0)):
    dependencies:
      es-toolkit: 1.46.1
      rolldown-plugin-copy: 0.1.1(@types/node@25.7.0)(rolldown@1.0.1)
      srvx: 0.11.15
      ts-vista: 0.2.3
      vite: 8.0.13(@types/node@25.7.0)
    transitivePeerDependencies:
      - '@types/node'
      - rolldown

  zod@4.4.3: {}
